// !$*UTF8*$!
{
	archiveVersion = 1;
	classes = {
	};
	objectVersion = 46;
	objects = {

/* Begin PBXBuildFile section */
		60386E4A155E2D6D00418AE4 /* FontLabel.m in Sources */ = {isa = PBXBuildFile; fileRef = 60386E40155E2D6D00418AE4 /* FontLabel.m */; };
		60386E4B155E2D6D00418AE4 /* FontLabelStringDrawing.m in Sources */ = {isa = PBXBuildFile; fileRef = 60386E42155E2D6D00418AE4 /* FontLabelStringDrawing.m */; };
		60386E4C155E2D6D00418AE4 /* FontManager.m in Sources */ = {isa = PBXBuildFile; fileRef = 60386E44155E2D6D00418AE4 /* FontManager.m */; };
		60386E4D155E2D6D00418AE4 /* ZAttributedString.m in Sources */ = {isa = PBXBuildFile; fileRef = 60386E46155E2D6D00418AE4 /* ZAttributedString.m */; };
		60386E4E155E2D6D00418AE4 /* ZFont.m in Sources */ = {isa = PBXBuildFile; fileRef = 60386E49155E2D6D00418AE4 /* ZFont.m */; };
		60458E1113BE507200601732 /* QuartzCore.framework in Frameworks */ = {isa = PBXBuildFile; fileRef = 60458E1013BE507200601732 /* QuartzCore.framework */; };
		60458E1313BE507200601732 /* OpenGLES.framework in Frameworks */ = {isa = PBXBuildFile; fileRef = 60458E1213BE507200601732 /* OpenGLES.framework */; };
		60458E1513BE507200601732 /* OpenAL.framework in Frameworks */ = {isa = PBXBuildFile; fileRef = 60458E1413BE507200601732 /* OpenAL.framework */; };
		60458E1713BE507200601732 /* AudioToolbox.framework in Frameworks */ = {isa = PBXBuildFile; fileRef = 60458E1613BE507200601732 /* AudioToolbox.framework */; };
		60458E1913BE507200601732 /* AVFoundation.framework in Frameworks */ = {isa = PBXBuildFile; fileRef = 60458E1813BE507200601732 /* AVFoundation.framework */; };
		60458E1B13BE507200601732 /* UIKit.framework in Frameworks */ = {isa = PBXBuildFile; fileRef = 60458E1A13BE507200601732 /* UIKit.framework */; };
		60458E1D13BE507200601732 /* Foundation.framework in Frameworks */ = {isa = PBXBuildFile; fileRef = 60458E1C13BE507200601732 /* Foundation.framework */; };
		60458E1F13BE507200601732 /* CoreGraphics.framework in Frameworks */ = {isa = PBXBuildFile; fileRef = 60458E1E13BE507200601732 /* CoreGraphics.framework */; };
		60458E2313BE507200601732 /* Default.png in Resources */ = {isa = PBXBuildFile; fileRef = 60458E2213BE507200601732 /* Default.png */; };
		60458E2513BE507200601732 /* fps_images.png in Resources */ = {isa = PBXBuildFile; fileRef = 60458E2413BE507200601732 /* fps_images.png */; };
		60458E2713BE507200601732 /* Icon-72.png in Resources */ = {isa = PBXBuildFile; fileRef = 60458E2613BE507200601732 /* Icon-72.png */; };
		60458E2913BE507200601732 /* Icon-Small-50.png in Resources */ = {isa = PBXBuildFile; fileRef = 60458E2813BE507200601732 /* Icon-Small-50.png */; };
		60458E2B13BE507200601732 /* Icon-Small.png in Resources */ = {isa = PBXBuildFile; fileRef = 60458E2A13BE507200601732 /* Icon-Small.png */; };
		60458E2D13BE507200601732 /* Icon-Small@2x.png in Resources */ = {isa = PBXBuildFile; fileRef = 60458E2C13BE507200601732 /* Icon-Small@2x.png */; };
		60458E2F13BE507200601732 /* Icon.png in Resources */ = {isa = PBXBuildFile; fileRef = 60458E2E13BE507200601732 /* Icon.png */; };
		60458E3113BE507200601732 /* Icon@2x.png in Resources */ = {isa = PBXBuildFile; fileRef = 60458E3013BE507200601732 /* Icon@2x.png */; };
		60458E3413BE507200601732 /* iTunesArtwork in Resources */ = {isa = PBXBuildFile; fileRef = 60458E3313BE507200601732 /* iTunesArtwork */; };
		60458E3913BE507300601732 /* CCAction.m in Sources */ = {isa = PBXBuildFile; fileRef = 60458E3813BE507300601732 /* CCAction.m */; };
		60458E3C13BE507300601732 /* CCActionCamera.m in Sources */ = {isa = PBXBuildFile; fileRef = 60458E3B13BE507300601732 /* CCActionCamera.m */; };
		60458E3F13BE507300601732 /* CCActionEase.m in Sources */ = {isa = PBXBuildFile; fileRef = 60458E3E13BE507300601732 /* CCActionEase.m */; };
		60458E4213BE507300601732 /* CCActionGrid.m in Sources */ = {isa = PBXBuildFile; fileRef = 60458E4113BE507300601732 /* CCActionGrid.m */; };
		60458E4513BE507300601732 /* CCActionGrid3D.m in Sources */ = {isa = PBXBuildFile; fileRef = 60458E4413BE507300601732 /* CCActionGrid3D.m */; };
		60458E4813BE507300601732 /* CCActionInstant.m in Sources */ = {isa = PBXBuildFile; fileRef = 60458E4713BE507300601732 /* CCActionInstant.m */; };
		60458E4B13BE507300601732 /* CCActionInterval.m in Sources */ = {isa = PBXBuildFile; fileRef = 60458E4A13BE507300601732 /* CCActionInterval.m */; };
		60458E4E13BE507300601732 /* CCActionManager.m in Sources */ = {isa = PBXBuildFile; fileRef = 60458E4D13BE507300601732 /* CCActionManager.m */; };
		60458E5113BE507300601732 /* CCActionPageTurn3D.m in Sources */ = {isa = PBXBuildFile; fileRef = 60458E5013BE507300601732 /* CCActionPageTurn3D.m */; };
		60458E5413BE507300601732 /* CCActionProgressTimer.m in Sources */ = {isa = PBXBuildFile; fileRef = 60458E5313BE507300601732 /* CCActionProgressTimer.m */; };
		60458E5713BE507300601732 /* CCActionTiledGrid.m in Sources */ = {isa = PBXBuildFile; fileRef = 60458E5613BE507300601732 /* CCActionTiledGrid.m */; };
		60458E5A13BE507300601732 /* CCActionTween.m in Sources */ = {isa = PBXBuildFile; fileRef = 60458E5913BE507300601732 /* CCActionTween.m */; };
		60458E5D13BE507300601732 /* CCAnimation.m in Sources */ = {isa = PBXBuildFile; fileRef = 60458E5C13BE507300601732 /* CCAnimation.m */; };
		60458E6013BE507300601732 /* CCAnimationCache.m in Sources */ = {isa = PBXBuildFile; fileRef = 60458E5F13BE507300601732 /* CCAnimationCache.m */; };
		60458E6313BE507300601732 /* CCAtlasNode.m in Sources */ = {isa = PBXBuildFile; fileRef = 60458E6213BE507300601732 /* CCAtlasNode.m */; };
		60458E6613BE507300601732 /* CCBlockSupport.m in Sources */ = {isa = PBXBuildFile; fileRef = 60458E6513BE507300601732 /* CCBlockSupport.m */; };
		60458E6913BE507300601732 /* CCCamera.m in Sources */ = {isa = PBXBuildFile; fileRef = 60458E6813BE507300601732 /* CCCamera.m */; };
		60458E6D13BE507300601732 /* CCConfiguration.m in Sources */ = {isa = PBXBuildFile; fileRef = 60458E6C13BE507300601732 /* CCConfiguration.m */; };
		60458E7013BE507300601732 /* CCDirector.m in Sources */ = {isa = PBXBuildFile; fileRef = 60458E6F13BE507300601732 /* CCDirector.m */; };
		60458E7313BE507300601732 /* CCDrawingPrimitives.m in Sources */ = {isa = PBXBuildFile; fileRef = 60458E7213BE507300601732 /* CCDrawingPrimitives.m */; };
		60458E7613BE507300601732 /* CCGrabber.m in Sources */ = {isa = PBXBuildFile; fileRef = 60458E7513BE507300601732 /* CCGrabber.m */; };
		60458E7913BE507300601732 /* CCGrid.m in Sources */ = {isa = PBXBuildFile; fileRef = 60458E7813BE507300601732 /* CCGrid.m */; };
		60458E7C13BE507300601732 /* CCLabelAtlas.m in Sources */ = {isa = PBXBuildFile; fileRef = 60458E7B13BE507300601732 /* CCLabelAtlas.m */; };
		60458E7F13BE507300601732 /* CCLabelBMFont.m in Sources */ = {isa = PBXBuildFile; fileRef = 60458E7E13BE507300601732 /* CCLabelBMFont.m */; };
		60458E8213BE507300601732 /* CCLabelTTF.m in Sources */ = {isa = PBXBuildFile; fileRef = 60458E8113BE507300601732 /* CCLabelTTF.m */; };
		60458E8513BE507300601732 /* CCLayer.m in Sources */ = {isa = PBXBuildFile; fileRef = 60458E8413BE507300601732 /* CCLayer.m */; };
		60458E8913BE507300601732 /* CCMenu.m in Sources */ = {isa = PBXBuildFile; fileRef = 60458E8813BE507300601732 /* CCMenu.m */; };
		60458E8C13BE507300601732 /* CCMenuItem.m in Sources */ = {isa = PBXBuildFile; fileRef = 60458E8B13BE507300601732 /* CCMenuItem.m */; };
		60458E8F13BE507300601732 /* CCMotionStreak.m in Sources */ = {isa = PBXBuildFile; fileRef = 60458E8E13BE507300601732 /* CCMotionStreak.m */; };
		60458E9213BE507300601732 /* CCNode.m in Sources */ = {isa = PBXBuildFile; fileRef = 60458E9113BE507300601732 /* CCNode.m */; };
		60458E9513BE507300601732 /* CCParallaxNode.m in Sources */ = {isa = PBXBuildFile; fileRef = 60458E9413BE507300601732 /* CCParallaxNode.m */; };
		60458E9813BE507300601732 /* CCParticleExamples.m in Sources */ = {isa = PBXBuildFile; fileRef = 60458E9713BE507300601732 /* CCParticleExamples.m */; };
		60458E9B13BE507300601732 /* CCParticleSystem.m in Sources */ = {isa = PBXBuildFile; fileRef = 60458E9A13BE507300601732 /* CCParticleSystem.m */; };
		60458E9E13BE507300601732 /* CCParticleSystemPoint.m in Sources */ = {isa = PBXBuildFile; fileRef = 60458E9D13BE507300601732 /* CCParticleSystemPoint.m */; };
		60458EA113BE507300601732 /* CCParticleSystemQuad.m in Sources */ = {isa = PBXBuildFile; fileRef = 60458EA013BE507300601732 /* CCParticleSystemQuad.m */; };
		60458EA413BE507300601732 /* CCProgressTimer.m in Sources */ = {isa = PBXBuildFile; fileRef = 60458EA313BE507300601732 /* CCProgressTimer.m */; };
		60458EA813BE507300601732 /* CCRenderTexture.m in Sources */ = {isa = PBXBuildFile; fileRef = 60458EA713BE507300601732 /* CCRenderTexture.m */; };
		60458EAB13BE507300601732 /* CCRibbon.m in Sources */ = {isa = PBXBuildFile; fileRef = 60458EAA13BE507300601732 /* CCRibbon.m */; };
		60458EAE13BE507300601732 /* CCScene.m in Sources */ = {isa = PBXBuildFile; fileRef = 60458EAD13BE507300601732 /* CCScene.m */; };
		60458EB113BE507300601732 /* CCScheduler.m in Sources */ = {isa = PBXBuildFile; fileRef = 60458EB013BE507300601732 /* CCScheduler.m */; };
		60458EB413BE507300601732 /* CCSprite.m in Sources */ = {isa = PBXBuildFile; fileRef = 60458EB313BE507300601732 /* CCSprite.m */; };
		60458EB713BE507300601732 /* CCSpriteBatchNode.m in Sources */ = {isa = PBXBuildFile; fileRef = 60458EB613BE507300601732 /* CCSpriteBatchNode.m */; };
		60458EBA13BE507300601732 /* CCSpriteFrame.m in Sources */ = {isa = PBXBuildFile; fileRef = 60458EB913BE507300601732 /* CCSpriteFrame.m */; };
		60458EBD13BE507300601732 /* CCSpriteFrameCache.m in Sources */ = {isa = PBXBuildFile; fileRef = 60458EBC13BE507300601732 /* CCSpriteFrameCache.m */; };
		60458EC013BE507300601732 /* CCTexture2D.m in Sources */ = {isa = PBXBuildFile; fileRef = 60458EBF13BE507300601732 /* CCTexture2D.m */; };
		60458EC313BE507300601732 /* CCTextureAtlas.m in Sources */ = {isa = PBXBuildFile; fileRef = 60458EC213BE507300601732 /* CCTextureAtlas.m */; };
		60458EC613BE507300601732 /* CCTextureCache.m in Sources */ = {isa = PBXBuildFile; fileRef = 60458EC513BE507300601732 /* CCTextureCache.m */; };
		60458EC913BE507300601732 /* CCTexturePVR.m in Sources */ = {isa = PBXBuildFile; fileRef = 60458EC813BE507300601732 /* CCTexturePVR.m */; };
		60458ECC13BE507300601732 /* CCTileMapAtlas.m in Sources */ = {isa = PBXBuildFile; fileRef = 60458ECB13BE507300601732 /* CCTileMapAtlas.m */; };
		60458ECF13BE507300601732 /* CCTMXLayer.m in Sources */ = {isa = PBXBuildFile; fileRef = 60458ECE13BE507300601732 /* CCTMXLayer.m */; };
		60458ED213BE507300601732 /* CCTMXObjectGroup.m in Sources */ = {isa = PBXBuildFile; fileRef = 60458ED113BE507300601732 /* CCTMXObjectGroup.m */; };
		60458ED513BE507300601732 /* CCTMXTiledMap.m in Sources */ = {isa = PBXBuildFile; fileRef = 60458ED413BE507300601732 /* CCTMXTiledMap.m */; };
		60458ED813BE507300601732 /* CCTMXXMLParser.m in Sources */ = {isa = PBXBuildFile; fileRef = 60458ED713BE507300601732 /* CCTMXXMLParser.m */; };
		60458EDB13BE507300601732 /* CCTransition.m in Sources */ = {isa = PBXBuildFile; fileRef = 60458EDA13BE507300601732 /* CCTransition.m */; };
		60458EDE13BE507300601732 /* CCTransitionPageTurn.m in Sources */ = {isa = PBXBuildFile; fileRef = 60458EDD13BE507300601732 /* CCTransitionPageTurn.m */; };
		60458EE113BE507300601732 /* CCTransitionRadial.m in Sources */ = {isa = PBXBuildFile; fileRef = 60458EE013BE507300601732 /* CCTransitionRadial.m */; };
		60458EE513BE507300601732 /* cocos2d.m in Sources */ = {isa = PBXBuildFile; fileRef = 60458EE413BE507300601732 /* cocos2d.m */; };
		60458EEC13BE507300601732 /* CCDirectorIOS.m in Sources */ = {isa = PBXBuildFile; fileRef = 60458EEB13BE507300601732 /* CCDirectorIOS.m */; };
		60458EF013BE507300601732 /* CCTouchDispatcher.m in Sources */ = {isa = PBXBuildFile; fileRef = 60458EEF13BE507300601732 /* CCTouchDispatcher.m */; };
		60458EF313BE507300601732 /* CCTouchHandler.m in Sources */ = {isa = PBXBuildFile; fileRef = 60458EF213BE507300601732 /* CCTouchHandler.m */; };
		60458EF613BE507300601732 /* EAGLView.m in Sources */ = {isa = PBXBuildFile; fileRef = 60458EF513BE507300601732 /* EAGLView.m */; };
		60458EF913BE507300601732 /* ES1Renderer.m in Sources */ = {isa = PBXBuildFile; fileRef = 60458EF813BE507300601732 /* ES1Renderer.m */; };
		60458EFC13BE507300601732 /* glu.c in Sources */ = {isa = PBXBuildFile; fileRef = 60458EFB13BE507300601732 /* glu.c */; };
		60458F0113BE507300601732 /* CCDirectorMac.m in Sources */ = {isa = PBXBuildFile; fileRef = 60458F0013BE507300601732 /* CCDirectorMac.m */; };
		60458F0413BE507300601732 /* CCEventDispatcher.m in Sources */ = {isa = PBXBuildFile; fileRef = 60458F0313BE507300601732 /* CCEventDispatcher.m */; };
		60458F0713BE507300601732 /* MacGLView.m in Sources */ = {isa = PBXBuildFile; fileRef = 60458F0613BE507300601732 /* MacGLView.m */; };
		60458F0A13BE507300601732 /* MacWindow.m in Sources */ = {isa = PBXBuildFile; fileRef = 60458F0913BE507300601732 /* MacWindow.m */; };
		60458F0D13BE507300601732 /* base64.c in Sources */ = {isa = PBXBuildFile; fileRef = 60458F0C13BE507300601732 /* base64.c */; };
		60458F1113BE507300601732 /* CCArray.m in Sources */ = {isa = PBXBuildFile; fileRef = 60458F1013BE507300601732 /* CCArray.m */; };
		60458F1513BE507300601732 /* CCFileUtils.m in Sources */ = {isa = PBXBuildFile; fileRef = 60458F1413BE507300601732 /* CCFileUtils.m */; };
		60458F1813BE507300601732 /* CCProfiling.m in Sources */ = {isa = PBXBuildFile; fileRef = 60458F1713BE507300601732 /* CCProfiling.m */; };
		60458F1A13BE507300601732 /* ccUtils.c in Sources */ = {isa = PBXBuildFile; fileRef = 60458F1913BE507300601732 /* ccUtils.c */; };
		60458F1E13BE507300601732 /* CGPointExtension.m in Sources */ = {isa = PBXBuildFile; fileRef = 60458F1D13BE507300601732 /* CGPointExtension.m */; };
		60458F2213BE507300601732 /* TGAlib.m in Sources */ = {isa = PBXBuildFile; fileRef = 60458F2113BE507300601732 /* TGAlib.m */; };
		60458F2513BE507300601732 /* TransformUtils.m in Sources */ = {isa = PBXBuildFile; fileRef = 60458F2413BE507300601732 /* TransformUtils.m */; };
		60458F2A13BE507400601732 /* ZipUtils.m in Sources */ = {isa = PBXBuildFile; fileRef = 60458F2913BE507400601732 /* ZipUtils.m */; };
		60458F2F13BE507400601732 /* CDAudioManager.m in Sources */ = {isa = PBXBuildFile; fileRef = 60458F2E13BE507400601732 /* CDAudioManager.m */; };
		60458F3313BE507400601732 /* CDOpenALSupport.m in Sources */ = {isa = PBXBuildFile; fileRef = 60458F3213BE507400601732 /* CDOpenALSupport.m */; };
		60458F3613BE507400601732 /* CocosDenshion.m in Sources */ = {isa = PBXBuildFile; fileRef = 60458F3513BE507400601732 /* CocosDenshion.m */; };
		60458F3913BE507400601732 /* SimpleAudioEngine.m in Sources */ = {isa = PBXBuildFile; fileRef = 60458F3813BE507400601732 /* SimpleAudioEngine.m */; };
		60458F4913BE507400601732 /* CDataScanner.m in Sources */ = {isa = PBXBuildFile; fileRef = 60458F4813BE507400601732 /* CDataScanner.m */; };
		60458F4D13BE507400601732 /* CDataScanner_Extensions.m in Sources */ = {isa = PBXBuildFile; fileRef = 60458F4C13BE507400601732 /* CDataScanner_Extensions.m */; };
		60458F5013BE507400601732 /* NSDictionary_JSONExtensions.m in Sources */ = {isa = PBXBuildFile; fileRef = 60458F4F13BE507400601732 /* NSDictionary_JSONExtensions.m */; };
		60458F5413BE507400601732 /* CJSONDeserializer.m in Sources */ = {isa = PBXBuildFile; fileRef = 60458F5313BE507400601732 /* CJSONDeserializer.m */; };
		60458F5713BE507400601732 /* CJSONScanner.m in Sources */ = {isa = PBXBuildFile; fileRef = 60458F5613BE507400601732 /* CJSONScanner.m */; };
		60458F5A13BE507400601732 /* CJSONSerializer.m in Sources */ = {isa = PBXBuildFile; fileRef = 60458F5913BE507400601732 /* CJSONSerializer.m */; };
		60458F7113BE507400601732 /* main.m in Sources */ = {isa = PBXBuildFile; fileRef = 60458F7013BE507400601732 /* main.m */; };
		60458F7413BE507400601732 /* AppDelegate.m in Sources */ = {isa = PBXBuildFile; fileRef = 60458F7313BE507400601732 /* AppDelegate.m */; };
		60458F7713BE507400601732 /* RootViewController.m in Sources */ = {isa = PBXBuildFile; fileRef = 60458F7613BE507400601732 /* RootViewController.m */; };
		60458F7A13BE507400601732 /* HelloWorldLayer.m in Sources */ = {isa = PBXBuildFile; fileRef = 60458F7913BE507400601732 /* HelloWorldLayer.m */; };
		6077995913C03F3F004C010F /* CCNode+BeforeAfterVisitChildren.m in Sources */ = {isa = PBXBuildFile; fileRef = 6077995613C03F3F004C010F /* CCNode+BeforeAfterVisitChildren.m */; };
		6077995A13C03F3F004C010F /* ScrollLayer.m in Sources */ = {isa = PBXBuildFile; fileRef = 6077995813C03F3F004C010F /* ScrollLayer.m */; };
/* End PBXBuildFile section */

/* Begin PBXFileReference section */
		60386E3F155E2D6D00418AE4 /* FontLabel.h */ = {isa = PBXFileReference; fileEncoding = 4; lastKnownFileType = sourcecode.c.h; path = FontLabel.h; sourceTree = "<group>"; };
		60386E40155E2D6D00418AE4 /* FontLabel.m */ = {isa = PBXFileReference; fileEncoding = 4; lastKnownFileType = sourcecode.c.objc; path = FontLabel.m; sourceTree = "<group>"; };
		60386E41155E2D6D00418AE4 /* FontLabelStringDrawing.h */ = {isa = PBXFileReference; fileEncoding = 4; lastKnownFileType = sourcecode.c.h; path = FontLabelStringDrawing.h; sourceTree = "<group>"; };
		60386E42155E2D6D00418AE4 /* FontLabelStringDrawing.m */ = {isa = PBXFileReference; fileEncoding = 4; lastKnownFileType = sourcecode.c.objc; path = FontLabelStringDrawing.m; sourceTree = "<group>"; };
		60386E43155E2D6D00418AE4 /* FontManager.h */ = {isa = PBXFileReference; fileEncoding = 4; lastKnownFileType = sourcecode.c.h; path = FontManager.h; sourceTree = "<group>"; };
		60386E44155E2D6D00418AE4 /* FontManager.m */ = {isa = PBXFileReference; fileEncoding = 4; lastKnownFileType = sourcecode.c.objc; path = FontManager.m; sourceTree = "<group>"; };
		60386E45155E2D6D00418AE4 /* ZAttributedString.h */ = {isa = PBXFileReference; fileEncoding = 4; lastKnownFileType = sourcecode.c.h; path = ZAttributedString.h; sourceTree = "<group>"; };
		60386E46155E2D6D00418AE4 /* ZAttributedString.m */ = {isa = PBXFileReference; fileEncoding = 4; lastKnownFileType = sourcecode.c.objc; path = ZAttributedString.m; sourceTree = "<group>"; };
		60386E47155E2D6D00418AE4 /* ZAttributedStringPrivate.h */ = {isa = PBXFileReference; fileEncoding = 4; lastKnownFileType = sourcecode.c.h; path = ZAttributedStringPrivate.h; sourceTree = "<group>"; };
		60386E48155E2D6D00418AE4 /* ZFont.h */ = {isa = PBXFileReference; fileEncoding = 4; lastKnownFileType = sourcecode.c.h; path = ZFont.h; sourceTree = "<group>"; };
		60386E49155E2D6D00418AE4 /* ZFont.m */ = {isa = PBXFileReference; fileEncoding = 4; lastKnownFileType = sourcecode.c.objc; path = ZFont.m; sourceTree = "<group>"; };
		60458E0C13BE507200601732 /* ScrollLayerDemo.app */ = {isa = PBXFileReference; explicitFileType = wrapper.application; includeInIndex = 0; path = ScrollLayerDemo.app; sourceTree = BUILT_PRODUCTS_DIR; };
		60458E1013BE507200601732 /* QuartzCore.framework */ = {isa = PBXFileReference; lastKnownFileType = wrapper.framework; name = QuartzCore.framework; path = System/Library/Frameworks/QuartzCore.framework; sourceTree = SDKROOT; };
		60458E1213BE507200601732 /* OpenGLES.framework */ = {isa = PBXFileReference; lastKnownFileType = wrapper.framework; name = OpenGLES.framework; path = System/Library/Frameworks/OpenGLES.framework; sourceTree = SDKROOT; };
		60458E1413BE507200601732 /* OpenAL.framework */ = {isa = PBXFileReference; lastKnownFileType = wrapper.framework; name = OpenAL.framework; path = System/Library/Frameworks/OpenAL.framework; sourceTree = SDKROOT; };
		60458E1613BE507200601732 /* AudioToolbox.framework */ = {isa = PBXFileReference; lastKnownFileType = wrapper.framework; name = AudioToolbox.framework; path = System/Library/Frameworks/AudioToolbox.framework; sourceTree = SDKROOT; };
		60458E1813BE507200601732 /* AVFoundation.framework */ = {isa = PBXFileReference; lastKnownFileType = wrapper.framework; name = AVFoundation.framework; path = System/Library/Frameworks/AVFoundation.framework; sourceTree = SDKROOT; };
		60458E1A13BE507200601732 /* UIKit.framework */ = {isa = PBXFileReference; lastKnownFileType = wrapper.framework; name = UIKit.framework; path = System/Library/Frameworks/UIKit.framework; sourceTree = SDKROOT; };
		60458E1C13BE507200601732 /* Foundation.framework */ = {isa = PBXFileReference; lastKnownFileType = wrapper.framework; name = Foundation.framework; path = System/Library/Frameworks/Foundation.framework; sourceTree = SDKROOT; };
		60458E1E13BE507200601732 /* CoreGraphics.framework */ = {isa = PBXFileReference; lastKnownFileType = wrapper.framework; name = CoreGraphics.framework; path = System/Library/Frameworks/CoreGraphics.framework; sourceTree = SDKROOT; };
		60458E2213BE507200601732 /* Default.png */ = {isa = PBXFileReference; lastKnownFileType = image.png; name = Default.png; path = Resources/Default.png; sourceTree = "<group>"; };
		60458E2413BE507200601732 /* fps_images.png */ = {isa = PBXFileReference; lastKnownFileType = image.png; name = fps_images.png; path = Resources/fps_images.png; sourceTree = "<group>"; };
		60458E2613BE507200601732 /* Icon-72.png */ = {isa = PBXFileReference; lastKnownFileType = image.png; name = "Icon-72.png"; path = "Resources/Icon-72.png"; sourceTree = "<group>"; };
		60458E2813BE507200601732 /* Icon-Small-50.png */ = {isa = PBXFileReference; lastKnownFileType = image.png; name = "Icon-Small-50.png"; path = "Resources/Icon-Small-50.png"; sourceTree = "<group>"; };
		60458E2A13BE507200601732 /* Icon-Small.png */ = {isa = PBXFileReference; lastKnownFileType = image.png; name = "Icon-Small.png"; path = "Resources/Icon-Small.png"; sourceTree = "<group>"; };
		60458E2C13BE507200601732 /* Icon-Small@2x.png */ = {isa = PBXFileReference; lastKnownFileType = image.png; name = "Icon-Small@2x.png"; path = "Resources/Icon-Small@2x.png"; sourceTree = "<group>"; };
		60458E2E13BE507200601732 /* Icon.png */ = {isa = PBXFileReference; lastKnownFileType = image.png; name = Icon.png; path = Resources/Icon.png; sourceTree = "<group>"; };
		60458E3013BE507200601732 /* Icon@2x.png */ = {isa = PBXFileReference; lastKnownFileType = image.png; name = "Icon@2x.png"; path = "Resources/Icon@2x.png"; sourceTree = "<group>"; };
		60458E3213BE507200601732 /* Info.plist */ = {isa = PBXFileReference; lastKnownFileType = text.plist.xml; name = Info.plist; path = Resources/Info.plist; sourceTree = "<group>"; };
		60458E3313BE507200601732 /* iTunesArtwork */ = {isa = PBXFileReference; lastKnownFileType = text; name = iTunesArtwork; path = Resources/iTunesArtwork; sourceTree = "<group>"; };
		60458E3713BE507300601732 /* CCAction.h */ = {isa = PBXFileReference; lastKnownFileType = sourcecode.c.h; name = CCAction.h; path = libs/cocos2d/CCAction.h; sourceTree = "<group>"; };
		60458E3813BE507300601732 /* CCAction.m */ = {isa = PBXFileReference; lastKnownFileType = sourcecode.c.objc; name = CCAction.m; path = libs/cocos2d/CCAction.m; sourceTree = "<group>"; };
		60458E3A13BE507300601732 /* CCActionCamera.h */ = {isa = PBXFileReference; lastKnownFileType = sourcecode.c.h; name = CCActionCamera.h; path = libs/cocos2d/CCActionCamera.h; sourceTree = "<group>"; };
		60458E3B13BE507300601732 /* CCActionCamera.m */ = {isa = PBXFileReference; lastKnownFileType = sourcecode.c.objc; name = CCActionCamera.m; path = libs/cocos2d/CCActionCamera.m; sourceTree = "<group>"; };
		60458E3D13BE507300601732 /* CCActionEase.h */ = {isa = PBXFileReference; lastKnownFileType = sourcecode.c.h; name = CCActionEase.h; path = libs/cocos2d/CCActionEase.h; sourceTree = "<group>"; };
		60458E3E13BE507300601732 /* CCActionEase.m */ = {isa = PBXFileReference; lastKnownFileType = sourcecode.c.objc; name = CCActionEase.m; path = libs/cocos2d/CCActionEase.m; sourceTree = "<group>"; };
		60458E4013BE507300601732 /* CCActionGrid.h */ = {isa = PBXFileReference; lastKnownFileType = sourcecode.c.h; name = CCActionGrid.h; path = libs/cocos2d/CCActionGrid.h; sourceTree = "<group>"; };
		60458E4113BE507300601732 /* CCActionGrid.m */ = {isa = PBXFileReference; lastKnownFileType = sourcecode.c.objc; name = CCActionGrid.m; path = libs/cocos2d/CCActionGrid.m; sourceTree = "<group>"; };
		60458E4313BE507300601732 /* CCActionGrid3D.h */ = {isa = PBXFileReference; lastKnownFileType = sourcecode.c.h; name = CCActionGrid3D.h; path = libs/cocos2d/CCActionGrid3D.h; sourceTree = "<group>"; };
		60458E4413BE507300601732 /* CCActionGrid3D.m */ = {isa = PBXFileReference; lastKnownFileType = sourcecode.c.objc; name = CCActionGrid3D.m; path = libs/cocos2d/CCActionGrid3D.m; sourceTree = "<group>"; };
		60458E4613BE507300601732 /* CCActionInstant.h */ = {isa = PBXFileReference; lastKnownFileType = sourcecode.c.h; name = CCActionInstant.h; path = libs/cocos2d/CCActionInstant.h; sourceTree = "<group>"; };
		60458E4713BE507300601732 /* CCActionInstant.m */ = {isa = PBXFileReference; lastKnownFileType = sourcecode.c.objc; name = CCActionInstant.m; path = libs/cocos2d/CCActionInstant.m; sourceTree = "<group>"; };
		60458E4913BE507300601732 /* CCActionInterval.h */ = {isa = PBXFileReference; lastKnownFileType = sourcecode.c.h; name = CCActionInterval.h; path = libs/cocos2d/CCActionInterval.h; sourceTree = "<group>"; };
		60458E4A13BE507300601732 /* CCActionInterval.m */ = {isa = PBXFileReference; lastKnownFileType = sourcecode.c.objc; name = CCActionInterval.m; path = libs/cocos2d/CCActionInterval.m; sourceTree = "<group>"; };
		60458E4C13BE507300601732 /* CCActionManager.h */ = {isa = PBXFileReference; lastKnownFileType = sourcecode.c.h; name = CCActionManager.h; path = libs/cocos2d/CCActionManager.h; sourceTree = "<group>"; };
		60458E4D13BE507300601732 /* CCActionManager.m */ = {isa = PBXFileReference; lastKnownFileType = sourcecode.c.objc; name = CCActionManager.m; path = libs/cocos2d/CCActionManager.m; sourceTree = "<group>"; };
		60458E4F13BE507300601732 /* CCActionPageTurn3D.h */ = {isa = PBXFileReference; lastKnownFileType = sourcecode.c.h; name = CCActionPageTurn3D.h; path = libs/cocos2d/CCActionPageTurn3D.h; sourceTree = "<group>"; };
		60458E5013BE507300601732 /* CCActionPageTurn3D.m */ = {isa = PBXFileReference; lastKnownFileType = sourcecode.c.objc; name = CCActionPageTurn3D.m; path = libs/cocos2d/CCActionPageTurn3D.m; sourceTree = "<group>"; };
		60458E5213BE507300601732 /* CCActionProgressTimer.h */ = {isa = PBXFileReference; lastKnownFileType = sourcecode.c.h; name = CCActionProgressTimer.h; path = libs/cocos2d/CCActionProgressTimer.h; sourceTree = "<group>"; };
		60458E5313BE507300601732 /* CCActionProgressTimer.m */ = {isa = PBXFileReference; lastKnownFileType = sourcecode.c.objc; name = CCActionProgressTimer.m; path = libs/cocos2d/CCActionProgressTimer.m; sourceTree = "<group>"; };
		60458E5513BE507300601732 /* CCActionTiledGrid.h */ = {isa = PBXFileReference; lastKnownFileType = sourcecode.c.h; name = CCActionTiledGrid.h; path = libs/cocos2d/CCActionTiledGrid.h; sourceTree = "<group>"; };
		60458E5613BE507300601732 /* CCActionTiledGrid.m */ = {isa = PBXFileReference; lastKnownFileType = sourcecode.c.objc; name = CCActionTiledGrid.m; path = libs/cocos2d/CCActionTiledGrid.m; sourceTree = "<group>"; };
		60458E5813BE507300601732 /* CCActionTween.h */ = {isa = PBXFileReference; lastKnownFileType = sourcecode.c.h; name = CCActionTween.h; path = libs/cocos2d/CCActionTween.h; sourceTree = "<group>"; };
		60458E5913BE507300601732 /* CCActionTween.m */ = {isa = PBXFileReference; lastKnownFileType = sourcecode.c.objc; name = CCActionTween.m; path = libs/cocos2d/CCActionTween.m; sourceTree = "<group>"; };
		60458E5B13BE507300601732 /* CCAnimation.h */ = {isa = PBXFileReference; lastKnownFileType = sourcecode.c.h; name = CCAnimation.h; path = libs/cocos2d/CCAnimation.h; sourceTree = "<group>"; };
		60458E5C13BE507300601732 /* CCAnimation.m */ = {isa = PBXFileReference; lastKnownFileType = sourcecode.c.objc; name = CCAnimation.m; path = libs/cocos2d/CCAnimation.m; sourceTree = "<group>"; };
		60458E5E13BE507300601732 /* CCAnimationCache.h */ = {isa = PBXFileReference; lastKnownFileType = sourcecode.c.h; name = CCAnimationCache.h; path = libs/cocos2d/CCAnimationCache.h; sourceTree = "<group>"; };
		60458E5F13BE507300601732 /* CCAnimationCache.m */ = {isa = PBXFileReference; lastKnownFileType = sourcecode.c.objc; name = CCAnimationCache.m; path = libs/cocos2d/CCAnimationCache.m; sourceTree = "<group>"; };
		60458E6113BE507300601732 /* CCAtlasNode.h */ = {isa = PBXFileReference; lastKnownFileType = sourcecode.c.h; name = CCAtlasNode.h; path = libs/cocos2d/CCAtlasNode.h; sourceTree = "<group>"; };
		60458E6213BE507300601732 /* CCAtlasNode.m */ = {isa = PBXFileReference; lastKnownFileType = sourcecode.c.objc; name = CCAtlasNode.m; path = libs/cocos2d/CCAtlasNode.m; sourceTree = "<group>"; };
		60458E6413BE507300601732 /* CCBlockSupport.h */ = {isa = PBXFileReference; lastKnownFileType = sourcecode.c.h; name = CCBlockSupport.h; path = libs/cocos2d/CCBlockSupport.h; sourceTree = "<group>"; };
		60458E6513BE507300601732 /* CCBlockSupport.m */ = {isa = PBXFileReference; lastKnownFileType = sourcecode.c.objc; name = CCBlockSupport.m; path = libs/cocos2d/CCBlockSupport.m; sourceTree = "<group>"; };
		60458E6713BE507300601732 /* CCCamera.h */ = {isa = PBXFileReference; lastKnownFileType = sourcecode.c.h; name = CCCamera.h; path = libs/cocos2d/CCCamera.h; sourceTree = "<group>"; };
		60458E6813BE507300601732 /* CCCamera.m */ = {isa = PBXFileReference; lastKnownFileType = sourcecode.c.objc; name = CCCamera.m; path = libs/cocos2d/CCCamera.m; sourceTree = "<group>"; };
		60458E6A13BE507300601732 /* ccConfig.h */ = {isa = PBXFileReference; lastKnownFileType = sourcecode.c.h; name = ccConfig.h; path = libs/cocos2d/ccConfig.h; sourceTree = "<group>"; };
		60458E6B13BE507300601732 /* CCConfiguration.h */ = {isa = PBXFileReference; lastKnownFileType = sourcecode.c.h; name = CCConfiguration.h; path = libs/cocos2d/CCConfiguration.h; sourceTree = "<group>"; };
		60458E6C13BE507300601732 /* CCConfiguration.m */ = {isa = PBXFileReference; lastKnownFileType = sourcecode.c.objc; name = CCConfiguration.m; path = libs/cocos2d/CCConfiguration.m; sourceTree = "<group>"; };
		60458E6E13BE507300601732 /* CCDirector.h */ = {isa = PBXFileReference; lastKnownFileType = sourcecode.c.h; name = CCDirector.h; path = libs/cocos2d/CCDirector.h; sourceTree = "<group>"; };
		60458E6F13BE507300601732 /* CCDirector.m */ = {isa = PBXFileReference; lastKnownFileType = sourcecode.c.objc; name = CCDirector.m; path = libs/cocos2d/CCDirector.m; sourceTree = "<group>"; };
		60458E7113BE507300601732 /* CCDrawingPrimitives.h */ = {isa = PBXFileReference; lastKnownFileType = sourcecode.c.h; name = CCDrawingPrimitives.h; path = libs/cocos2d/CCDrawingPrimitives.h; sourceTree = "<group>"; };
		60458E7213BE507300601732 /* CCDrawingPrimitives.m */ = {isa = PBXFileReference; lastKnownFileType = sourcecode.c.objc; name = CCDrawingPrimitives.m; path = libs/cocos2d/CCDrawingPrimitives.m; sourceTree = "<group>"; };
		60458E7413BE507300601732 /* CCGrabber.h */ = {isa = PBXFileReference; lastKnownFileType = sourcecode.c.h; name = CCGrabber.h; path = libs/cocos2d/CCGrabber.h; sourceTree = "<group>"; };
		60458E7513BE507300601732 /* CCGrabber.m */ = {isa = PBXFileReference; lastKnownFileType = sourcecode.c.objc; name = CCGrabber.m; path = libs/cocos2d/CCGrabber.m; sourceTree = "<group>"; };
		60458E7713BE507300601732 /* CCGrid.h */ = {isa = PBXFileReference; lastKnownFileType = sourcecode.c.h; name = CCGrid.h; path = libs/cocos2d/CCGrid.h; sourceTree = "<group>"; };
		60458E7813BE507300601732 /* CCGrid.m */ = {isa = PBXFileReference; lastKnownFileType = sourcecode.c.objc; name = CCGrid.m; path = libs/cocos2d/CCGrid.m; sourceTree = "<group>"; };
		60458E7A13BE507300601732 /* CCLabelAtlas.h */ = {isa = PBXFileReference; lastKnownFileType = sourcecode.c.h; name = CCLabelAtlas.h; path = libs/cocos2d/CCLabelAtlas.h; sourceTree = "<group>"; };
		60458E7B13BE507300601732 /* CCLabelAtlas.m */ = {isa = PBXFileReference; lastKnownFileType = sourcecode.c.objc; name = CCLabelAtlas.m; path = libs/cocos2d/CCLabelAtlas.m; sourceTree = "<group>"; };
		60458E7D13BE507300601732 /* CCLabelBMFont.h */ = {isa = PBXFileReference; lastKnownFileType = sourcecode.c.h; name = CCLabelBMFont.h; path = libs/cocos2d/CCLabelBMFont.h; sourceTree = "<group>"; };
		60458E7E13BE507300601732 /* CCLabelBMFont.m */ = {isa = PBXFileReference; lastKnownFileType = sourcecode.c.objc; name = CCLabelBMFont.m; path = libs/cocos2d/CCLabelBMFont.m; sourceTree = "<group>"; };
		60458E8013BE507300601732 /* CCLabelTTF.h */ = {isa = PBXFileReference; lastKnownFileType = sourcecode.c.h; name = CCLabelTTF.h; path = libs/cocos2d/CCLabelTTF.h; sourceTree = "<group>"; };
		60458E8113BE507300601732 /* CCLabelTTF.m */ = {isa = PBXFileReference; lastKnownFileType = sourcecode.c.objc; name = CCLabelTTF.m; path = libs/cocos2d/CCLabelTTF.m; sourceTree = "<group>"; };
		60458E8313BE507300601732 /* CCLayer.h */ = {isa = PBXFileReference; lastKnownFileType = sourcecode.c.h; name = CCLayer.h; path = libs/cocos2d/CCLayer.h; sourceTree = "<group>"; };
		60458E8413BE507300601732 /* CCLayer.m */ = {isa = PBXFileReference; lastKnownFileType = sourcecode.c.objc; name = CCLayer.m; path = libs/cocos2d/CCLayer.m; sourceTree = "<group>"; };
		60458E8613BE507300601732 /* ccMacros.h */ = {isa = PBXFileReference; lastKnownFileType = sourcecode.c.h; name = ccMacros.h; path = libs/cocos2d/ccMacros.h; sourceTree = "<group>"; };
		60458E8713BE507300601732 /* CCMenu.h */ = {isa = PBXFileReference; lastKnownFileType = sourcecode.c.h; name = CCMenu.h; path = libs/cocos2d/CCMenu.h; sourceTree = "<group>"; };
		60458E8813BE507300601732 /* CCMenu.m */ = {isa = PBXFileReference; lastKnownFileType = sourcecode.c.objc; name = CCMenu.m; path = libs/cocos2d/CCMenu.m; sourceTree = "<group>"; };
		60458E8A13BE507300601732 /* CCMenuItem.h */ = {isa = PBXFileReference; lastKnownFileType = sourcecode.c.h; name = CCMenuItem.h; path = libs/cocos2d/CCMenuItem.h; sourceTree = "<group>"; };
		60458E8B13BE507300601732 /* CCMenuItem.m */ = {isa = PBXFileReference; lastKnownFileType = sourcecode.c.objc; name = CCMenuItem.m; path = libs/cocos2d/CCMenuItem.m; sourceTree = "<group>"; };
		60458E8D13BE507300601732 /* CCMotionStreak.h */ = {isa = PBXFileReference; lastKnownFileType = sourcecode.c.h; name = CCMotionStreak.h; path = libs/cocos2d/CCMotionStreak.h; sourceTree = "<group>"; };
		60458E8E13BE507300601732 /* CCMotionStreak.m */ = {isa = PBXFileReference; lastKnownFileType = sourcecode.c.objc; name = CCMotionStreak.m; path = libs/cocos2d/CCMotionStreak.m; sourceTree = "<group>"; };
		60458E9013BE507300601732 /* CCNode.h */ = {isa = PBXFileReference; lastKnownFileType = sourcecode.c.h; name = CCNode.h; path = libs/cocos2d/CCNode.h; sourceTree = "<group>"; };
		60458E9113BE507300601732 /* CCNode.m */ = {isa = PBXFileReference; lastKnownFileType = sourcecode.c.objc; name = CCNode.m; path = libs/cocos2d/CCNode.m; sourceTree = "<group>"; };
		60458E9313BE507300601732 /* CCParallaxNode.h */ = {isa = PBXFileReference; lastKnownFileType = sourcecode.c.h; name = CCParallaxNode.h; path = libs/cocos2d/CCParallaxNode.h; sourceTree = "<group>"; };
		60458E9413BE507300601732 /* CCParallaxNode.m */ = {isa = PBXFileReference; lastKnownFileType = sourcecode.c.objc; name = CCParallaxNode.m; path = libs/cocos2d/CCParallaxNode.m; sourceTree = "<group>"; };
		60458E9613BE507300601732 /* CCParticleExamples.h */ = {isa = PBXFileReference; lastKnownFileType = sourcecode.c.h; name = CCParticleExamples.h; path = libs/cocos2d/CCParticleExamples.h; sourceTree = "<group>"; };
		60458E9713BE507300601732 /* CCParticleExamples.m */ = {isa = PBXFileReference; lastKnownFileType = sourcecode.c.objc; name = CCParticleExamples.m; path = libs/cocos2d/CCParticleExamples.m; sourceTree = "<group>"; };
		60458E9913BE507300601732 /* CCParticleSystem.h */ = {isa = PBXFileReference; lastKnownFileType = sourcecode.c.h; name = CCParticleSystem.h; path = libs/cocos2d/CCParticleSystem.h; sourceTree = "<group>"; };
		60458E9A13BE507300601732 /* CCParticleSystem.m */ = {isa = PBXFileReference; lastKnownFileType = sourcecode.c.objc; name = CCParticleSystem.m; path = libs/cocos2d/CCParticleSystem.m; sourceTree = "<group>"; };
		60458E9C13BE507300601732 /* CCParticleSystemPoint.h */ = {isa = PBXFileReference; lastKnownFileType = sourcecode.c.h; name = CCParticleSystemPoint.h; path = libs/cocos2d/CCParticleSystemPoint.h; sourceTree = "<group>"; };
		60458E9D13BE507300601732 /* CCParticleSystemPoint.m */ = {isa = PBXFileReference; lastKnownFileType = sourcecode.c.objc; name = CCParticleSystemPoint.m; path = libs/cocos2d/CCParticleSystemPoint.m; sourceTree = "<group>"; };
		60458E9F13BE507300601732 /* CCParticleSystemQuad.h */ = {isa = PBXFileReference; lastKnownFileType = sourcecode.c.h; name = CCParticleSystemQuad.h; path = libs/cocos2d/CCParticleSystemQuad.h; sourceTree = "<group>"; };
		60458EA013BE507300601732 /* CCParticleSystemQuad.m */ = {isa = PBXFileReference; lastKnownFileType = sourcecode.c.objc; name = CCParticleSystemQuad.m; path = libs/cocos2d/CCParticleSystemQuad.m; sourceTree = "<group>"; };
		60458EA213BE507300601732 /* CCProgressTimer.h */ = {isa = PBXFileReference; lastKnownFileType = sourcecode.c.h; name = CCProgressTimer.h; path = libs/cocos2d/CCProgressTimer.h; sourceTree = "<group>"; };
		60458EA313BE507300601732 /* CCProgressTimer.m */ = {isa = PBXFileReference; lastKnownFileType = sourcecode.c.objc; name = CCProgressTimer.m; path = libs/cocos2d/CCProgressTimer.m; sourceTree = "<group>"; };
		60458EA513BE507300601732 /* CCProtocols.h */ = {isa = PBXFileReference; lastKnownFileType = sourcecode.c.h; name = CCProtocols.h; path = libs/cocos2d/CCProtocols.h; sourceTree = "<group>"; };
		60458EA613BE507300601732 /* CCRenderTexture.h */ = {isa = PBXFileReference; lastKnownFileType = sourcecode.c.h; name = CCRenderTexture.h; path = libs/cocos2d/CCRenderTexture.h; sourceTree = "<group>"; };
		60458EA713BE507300601732 /* CCRenderTexture.m */ = {isa = PBXFileReference; lastKnownFileType = sourcecode.c.objc; name = CCRenderTexture.m; path = libs/cocos2d/CCRenderTexture.m; sourceTree = "<group>"; };
		60458EA913BE507300601732 /* CCRibbon.h */ = {isa = PBXFileReference; lastKnownFileType = sourcecode.c.h; name = CCRibbon.h; path = libs/cocos2d/CCRibbon.h; sourceTree = "<group>"; };
		60458EAA13BE507300601732 /* CCRibbon.m */ = {isa = PBXFileReference; lastKnownFileType = sourcecode.c.objc; name = CCRibbon.m; path = libs/cocos2d/CCRibbon.m; sourceTree = "<group>"; };
		60458EAC13BE507300601732 /* CCScene.h */ = {isa = PBXFileReference; lastKnownFileType = sourcecode.c.h; name = CCScene.h; path = libs/cocos2d/CCScene.h; sourceTree = "<group>"; };
		60458EAD13BE507300601732 /* CCScene.m */ = {isa = PBXFileReference; lastKnownFileType = sourcecode.c.objc; name = CCScene.m; path = libs/cocos2d/CCScene.m; sourceTree = "<group>"; };
		60458EAF13BE507300601732 /* CCScheduler.h */ = {isa = PBXFileReference; lastKnownFileType = sourcecode.c.h; name = CCScheduler.h; path = libs/cocos2d/CCScheduler.h; sourceTree = "<group>"; };
		60458EB013BE507300601732 /* CCScheduler.m */ = {isa = PBXFileReference; lastKnownFileType = sourcecode.c.objc; name = CCScheduler.m; path = libs/cocos2d/CCScheduler.m; sourceTree = "<group>"; };
		60458EB213BE507300601732 /* CCSprite.h */ = {isa = PBXFileReference; lastKnownFileType = sourcecode.c.h; name = CCSprite.h; path = libs/cocos2d/CCSprite.h; sourceTree = "<group>"; };
		60458EB313BE507300601732 /* CCSprite.m */ = {isa = PBXFileReference; lastKnownFileType = sourcecode.c.objc; name = CCSprite.m; path = libs/cocos2d/CCSprite.m; sourceTree = "<group>"; };
		60458EB513BE507300601732 /* CCSpriteBatchNode.h */ = {isa = PBXFileReference; lastKnownFileType = sourcecode.c.h; name = CCSpriteBatchNode.h; path = libs/cocos2d/CCSpriteBatchNode.h; sourceTree = "<group>"; };
		60458EB613BE507300601732 /* CCSpriteBatchNode.m */ = {isa = PBXFileReference; lastKnownFileType = sourcecode.c.objc; name = CCSpriteBatchNode.m; path = libs/cocos2d/CCSpriteBatchNode.m; sourceTree = "<group>"; };
		60458EB813BE507300601732 /* CCSpriteFrame.h */ = {isa = PBXFileReference; lastKnownFileType = sourcecode.c.h; name = CCSpriteFrame.h; path = libs/cocos2d/CCSpriteFrame.h; sourceTree = "<group>"; };
		60458EB913BE507300601732 /* CCSpriteFrame.m */ = {isa = PBXFileReference; lastKnownFileType = sourcecode.c.objc; name = CCSpriteFrame.m; path = libs/cocos2d/CCSpriteFrame.m; sourceTree = "<group>"; };
		60458EBB13BE507300601732 /* CCSpriteFrameCache.h */ = {isa = PBXFileReference; lastKnownFileType = sourcecode.c.h; name = CCSpriteFrameCache.h; path = libs/cocos2d/CCSpriteFrameCache.h; sourceTree = "<group>"; };
		60458EBC13BE507300601732 /* CCSpriteFrameCache.m */ = {isa = PBXFileReference; lastKnownFileType = sourcecode.c.objc; name = CCSpriteFrameCache.m; path = libs/cocos2d/CCSpriteFrameCache.m; sourceTree = "<group>"; };
		60458EBE13BE507300601732 /* CCTexture2D.h */ = {isa = PBXFileReference; lastKnownFileType = sourcecode.c.h; name = CCTexture2D.h; path = libs/cocos2d/CCTexture2D.h; sourceTree = "<group>"; };
		60458EBF13BE507300601732 /* CCTexture2D.m */ = {isa = PBXFileReference; lastKnownFileType = sourcecode.c.objc; name = CCTexture2D.m; path = libs/cocos2d/CCTexture2D.m; sourceTree = "<group>"; };
		60458EC113BE507300601732 /* CCTextureAtlas.h */ = {isa = PBXFileReference; lastKnownFileType = sourcecode.c.h; name = CCTextureAtlas.h; path = libs/cocos2d/CCTextureAtlas.h; sourceTree = "<group>"; };
		60458EC213BE507300601732 /* CCTextureAtlas.m */ = {isa = PBXFileReference; lastKnownFileType = sourcecode.c.objc; name = CCTextureAtlas.m; path = libs/cocos2d/CCTextureAtlas.m; sourceTree = "<group>"; };
		60458EC413BE507300601732 /* CCTextureCache.h */ = {isa = PBXFileReference; lastKnownFileType = sourcecode.c.h; name = CCTextureCache.h; path = libs/cocos2d/CCTextureCache.h; sourceTree = "<group>"; };
		60458EC513BE507300601732 /* CCTextureCache.m */ = {isa = PBXFileReference; lastKnownFileType = sourcecode.c.objc; name = CCTextureCache.m; path = libs/cocos2d/CCTextureCache.m; sourceTree = "<group>"; };
		60458EC713BE507300601732 /* CCTexturePVR.h */ = {isa = PBXFileReference; lastKnownFileType = sourcecode.c.h; name = CCTexturePVR.h; path = libs/cocos2d/CCTexturePVR.h; sourceTree = "<group>"; };
		60458EC813BE507300601732 /* CCTexturePVR.m */ = {isa = PBXFileReference; lastKnownFileType = sourcecode.c.objc; name = CCTexturePVR.m; path = libs/cocos2d/CCTexturePVR.m; sourceTree = "<group>"; };
		60458ECA13BE507300601732 /* CCTileMapAtlas.h */ = {isa = PBXFileReference; lastKnownFileType = sourcecode.c.h; name = CCTileMapAtlas.h; path = libs/cocos2d/CCTileMapAtlas.h; sourceTree = "<group>"; };
		60458ECB13BE507300601732 /* CCTileMapAtlas.m */ = {isa = PBXFileReference; lastKnownFileType = sourcecode.c.objc; name = CCTileMapAtlas.m; path = libs/cocos2d/CCTileMapAtlas.m; sourceTree = "<group>"; };
		60458ECD13BE507300601732 /* CCTMXLayer.h */ = {isa = PBXFileReference; lastKnownFileType = sourcecode.c.h; name = CCTMXLayer.h; path = libs/cocos2d/CCTMXLayer.h; sourceTree = "<group>"; };
		60458ECE13BE507300601732 /* CCTMXLayer.m */ = {isa = PBXFileReference; lastKnownFileType = sourcecode.c.objc; name = CCTMXLayer.m; path = libs/cocos2d/CCTMXLayer.m; sourceTree = "<group>"; };
		60458ED013BE507300601732 /* CCTMXObjectGroup.h */ = {isa = PBXFileReference; lastKnownFileType = sourcecode.c.h; name = CCTMXObjectGroup.h; path = libs/cocos2d/CCTMXObjectGroup.h; sourceTree = "<group>"; };
		60458ED113BE507300601732 /* CCTMXObjectGroup.m */ = {isa = PBXFileReference; lastKnownFileType = sourcecode.c.objc; name = CCTMXObjectGroup.m; path = libs/cocos2d/CCTMXObjectGroup.m; sourceTree = "<group>"; };
		60458ED313BE507300601732 /* CCTMXTiledMap.h */ = {isa = PBXFileReference; lastKnownFileType = sourcecode.c.h; name = CCTMXTiledMap.h; path = libs/cocos2d/CCTMXTiledMap.h; sourceTree = "<group>"; };
		60458ED413BE507300601732 /* CCTMXTiledMap.m */ = {isa = PBXFileReference; lastKnownFileType = sourcecode.c.objc; name = CCTMXTiledMap.m; path = libs/cocos2d/CCTMXTiledMap.m; sourceTree = "<group>"; };
		60458ED613BE507300601732 /* CCTMXXMLParser.h */ = {isa = PBXFileReference; lastKnownFileType = sourcecode.c.h; name = CCTMXXMLParser.h; path = libs/cocos2d/CCTMXXMLParser.h; sourceTree = "<group>"; };
		60458ED713BE507300601732 /* CCTMXXMLParser.m */ = {isa = PBXFileReference; lastKnownFileType = sourcecode.c.objc; name = CCTMXXMLParser.m; path = libs/cocos2d/CCTMXXMLParser.m; sourceTree = "<group>"; };
		60458ED913BE507300601732 /* CCTransition.h */ = {isa = PBXFileReference; lastKnownFileType = sourcecode.c.h; name = CCTransition.h; path = libs/cocos2d/CCTransition.h; sourceTree = "<group>"; };
		60458EDA13BE507300601732 /* CCTransition.m */ = {isa = PBXFileReference; lastKnownFileType = sourcecode.c.objc; name = CCTransition.m; path = libs/cocos2d/CCTransition.m; sourceTree = "<group>"; };
		60458EDC13BE507300601732 /* CCTransitionPageTurn.h */ = {isa = PBXFileReference; lastKnownFileType = sourcecode.c.h; name = CCTransitionPageTurn.h; path = libs/cocos2d/CCTransitionPageTurn.h; sourceTree = "<group>"; };
		60458EDD13BE507300601732 /* CCTransitionPageTurn.m */ = {isa = PBXFileReference; lastKnownFileType = sourcecode.c.objc; name = CCTransitionPageTurn.m; path = libs/cocos2d/CCTransitionPageTurn.m; sourceTree = "<group>"; };
		60458EDF13BE507300601732 /* CCTransitionRadial.h */ = {isa = PBXFileReference; lastKnownFileType = sourcecode.c.h; name = CCTransitionRadial.h; path = libs/cocos2d/CCTransitionRadial.h; sourceTree = "<group>"; };
		60458EE013BE507300601732 /* CCTransitionRadial.m */ = {isa = PBXFileReference; lastKnownFileType = sourcecode.c.objc; name = CCTransitionRadial.m; path = libs/cocos2d/CCTransitionRadial.m; sourceTree = "<group>"; };
		60458EE213BE507300601732 /* ccTypes.h */ = {isa = PBXFileReference; lastKnownFileType = sourcecode.c.h; name = ccTypes.h; path = libs/cocos2d/ccTypes.h; sourceTree = "<group>"; };
		60458EE313BE507300601732 /* cocos2d.h */ = {isa = PBXFileReference; lastKnownFileType = sourcecode.c.h; name = cocos2d.h; path = libs/cocos2d/cocos2d.h; sourceTree = "<group>"; };
		60458EE413BE507300601732 /* cocos2d.m */ = {isa = PBXFileReference; lastKnownFileType = sourcecode.c.objc; name = cocos2d.m; path = libs/cocos2d/cocos2d.m; sourceTree = "<group>"; };
		60458EE713BE507300601732 /* CCGL.h */ = {isa = PBXFileReference; lastKnownFileType = sourcecode.c.h; name = CCGL.h; path = libs/cocos2d/Platforms/CCGL.h; sourceTree = "<group>"; };
		60458EE813BE507300601732 /* CCNS.h */ = {isa = PBXFileReference; lastKnownFileType = sourcecode.c.h; name = CCNS.h; path = libs/cocos2d/Platforms/CCNS.h; sourceTree = "<group>"; };
		60458EEA13BE507300601732 /* CCDirectorIOS.h */ = {isa = PBXFileReference; lastKnownFileType = sourcecode.c.h; name = CCDirectorIOS.h; path = libs/cocos2d/Platforms/iOS/CCDirectorIOS.h; sourceTree = "<group>"; };
		60458EEB13BE507300601732 /* CCDirectorIOS.m */ = {isa = PBXFileReference; lastKnownFileType = sourcecode.c.objc; name = CCDirectorIOS.m; path = libs/cocos2d/Platforms/iOS/CCDirectorIOS.m; sourceTree = "<group>"; };
		60458EED13BE507300601732 /* CCTouchDelegateProtocol.h */ = {isa = PBXFileReference; lastKnownFileType = sourcecode.c.h; name = CCTouchDelegateProtocol.h; path = libs/cocos2d/Platforms/iOS/CCTouchDelegateProtocol.h; sourceTree = "<group>"; };
		60458EEE13BE507300601732 /* CCTouchDispatcher.h */ = {isa = PBXFileReference; lastKnownFileType = sourcecode.c.h; name = CCTouchDispatcher.h; path = libs/cocos2d/Platforms/iOS/CCTouchDispatcher.h; sourceTree = "<group>"; };
		60458EEF13BE507300601732 /* CCTouchDispatcher.m */ = {isa = PBXFileReference; lastKnownFileType = sourcecode.c.objc; name = CCTouchDispatcher.m; path = libs/cocos2d/Platforms/iOS/CCTouchDispatcher.m; sourceTree = "<group>"; };
		60458EF113BE507300601732 /* CCTouchHandler.h */ = {isa = PBXFileReference; lastKnownFileType = sourcecode.c.h; name = CCTouchHandler.h; path = libs/cocos2d/Platforms/iOS/CCTouchHandler.h; sourceTree = "<group>"; };
		60458EF213BE507300601732 /* CCTouchHandler.m */ = {isa = PBXFileReference; lastKnownFileType = sourcecode.c.objc; name = CCTouchHandler.m; path = libs/cocos2d/Platforms/iOS/CCTouchHandler.m; sourceTree = "<group>"; };
		60458EF413BE507300601732 /* EAGLView.h */ = {isa = PBXFileReference; lastKnownFileType = sourcecode.c.h; name = EAGLView.h; path = libs/cocos2d/Platforms/iOS/EAGLView.h; sourceTree = "<group>"; };
		60458EF513BE507300601732 /* EAGLView.m */ = {isa = PBXFileReference; lastKnownFileType = sourcecode.c.objc; name = EAGLView.m; path = libs/cocos2d/Platforms/iOS/EAGLView.m; sourceTree = "<group>"; };
		60458EF713BE507300601732 /* ES1Renderer.h */ = {isa = PBXFileReference; lastKnownFileType = sourcecode.c.h; name = ES1Renderer.h; path = libs/cocos2d/Platforms/iOS/ES1Renderer.h; sourceTree = "<group>"; };
		60458EF813BE507300601732 /* ES1Renderer.m */ = {isa = PBXFileReference; lastKnownFileType = sourcecode.c.objc; name = ES1Renderer.m; path = libs/cocos2d/Platforms/iOS/ES1Renderer.m; sourceTree = "<group>"; };
		60458EFA13BE507300601732 /* ESRenderer.h */ = {isa = PBXFileReference; lastKnownFileType = sourcecode.c.h; name = ESRenderer.h; path = libs/cocos2d/Platforms/iOS/ESRenderer.h; sourceTree = "<group>"; };
		60458EFB13BE507300601732 /* glu.c */ = {isa = PBXFileReference; lastKnownFileType = sourcecode.c.c; name = glu.c; path = libs/cocos2d/Platforms/iOS/glu.c; sourceTree = "<group>"; };
		60458EFD13BE507300601732 /* glu.h */ = {isa = PBXFileReference; lastKnownFileType = sourcecode.c.h; name = glu.h; path = libs/cocos2d/Platforms/iOS/glu.h; sourceTree = "<group>"; };
		60458EFF13BE507300601732 /* CCDirectorMac.h */ = {isa = PBXFileReference; lastKnownFileType = sourcecode.c.h; name = CCDirectorMac.h; path = libs/cocos2d/Platforms/Mac/CCDirectorMac.h; sourceTree = "<group>"; };
		60458F0013BE507300601732 /* CCDirectorMac.m */ = {isa = PBXFileReference; lastKnownFileType = sourcecode.c.objc; name = CCDirectorMac.m; path = libs/cocos2d/Platforms/Mac/CCDirectorMac.m; sourceTree = "<group>"; };
		60458F0213BE507300601732 /* CCEventDispatcher.h */ = {isa = PBXFileReference; lastKnownFileType = sourcecode.c.h; name = CCEventDispatcher.h; path = libs/cocos2d/Platforms/Mac/CCEventDispatcher.h; sourceTree = "<group>"; };
		60458F0313BE507300601732 /* CCEventDispatcher.m */ = {isa = PBXFileReference; lastKnownFileType = sourcecode.c.objc; name = CCEventDispatcher.m; path = libs/cocos2d/Platforms/Mac/CCEventDispatcher.m; sourceTree = "<group>"; };
		60458F0513BE507300601732 /* MacGLView.h */ = {isa = PBXFileReference; lastKnownFileType = sourcecode.c.h; name = MacGLView.h; path = libs/cocos2d/Platforms/Mac/MacGLView.h; sourceTree = "<group>"; };
		60458F0613BE507300601732 /* MacGLView.m */ = {isa = PBXFileReference; lastKnownFileType = sourcecode.c.objc; name = MacGLView.m; path = libs/cocos2d/Platforms/Mac/MacGLView.m; sourceTree = "<group>"; };
		60458F0813BE507300601732 /* MacWindow.h */ = {isa = PBXFileReference; lastKnownFileType = sourcecode.c.h; name = MacWindow.h; path = libs/cocos2d/Platforms/Mac/MacWindow.h; sourceTree = "<group>"; };
		60458F0913BE507300601732 /* MacWindow.m */ = {isa = PBXFileReference; lastKnownFileType = sourcecode.c.objc; name = MacWindow.m; path = libs/cocos2d/Platforms/Mac/MacWindow.m; sourceTree = "<group>"; };
		60458F0C13BE507300601732 /* base64.c */ = {isa = PBXFileReference; lastKnownFileType = sourcecode.c.c; name = base64.c; path = libs/cocos2d/Support/base64.c; sourceTree = "<group>"; };
		60458F0E13BE507300601732 /* base64.h */ = {isa = PBXFileReference; lastKnownFileType = sourcecode.c.h; name = base64.h; path = libs/cocos2d/Support/base64.h; sourceTree = "<group>"; };
		60458F0F13BE507300601732 /* CCArray.h */ = {isa = PBXFileReference; lastKnownFileType = sourcecode.c.h; name = CCArray.h; path = libs/cocos2d/Support/CCArray.h; sourceTree = "<group>"; };
		60458F1013BE507300601732 /* CCArray.m */ = {isa = PBXFileReference; lastKnownFileType = sourcecode.c.objc; name = CCArray.m; path = libs/cocos2d/Support/CCArray.m; sourceTree = "<group>"; };
		60458F1213BE507300601732 /* ccCArray.h */ = {isa = PBXFileReference; lastKnownFileType = sourcecode.c.h; name = ccCArray.h; path = libs/cocos2d/Support/ccCArray.h; sourceTree = "<group>"; };
		60458F1313BE507300601732 /* CCFileUtils.h */ = {isa = PBXFileReference; lastKnownFileType = sourcecode.c.h; name = CCFileUtils.h; path = libs/cocos2d/Support/CCFileUtils.h; sourceTree = "<group>"; };
		60458F1413BE507300601732 /* CCFileUtils.m */ = {isa = PBXFileReference; lastKnownFileType = sourcecode.c.objc; name = CCFileUtils.m; path = libs/cocos2d/Support/CCFileUtils.m; sourceTree = "<group>"; };
		60458F1613BE507300601732 /* CCProfiling.h */ = {isa = PBXFileReference; lastKnownFileType = sourcecode.c.h; name = CCProfiling.h; path = libs/cocos2d/Support/CCProfiling.h; sourceTree = "<group>"; };
		60458F1713BE507300601732 /* CCProfiling.m */ = {isa = PBXFileReference; lastKnownFileType = sourcecode.c.objc; name = CCProfiling.m; path = libs/cocos2d/Support/CCProfiling.m; sourceTree = "<group>"; };
		60458F1913BE507300601732 /* ccUtils.c */ = {isa = PBXFileReference; lastKnownFileType = sourcecode.c.c; name = ccUtils.c; path = libs/cocos2d/Support/ccUtils.c; sourceTree = "<group>"; };
		60458F1B13BE507300601732 /* ccUtils.h */ = {isa = PBXFileReference; lastKnownFileType = sourcecode.c.h; name = ccUtils.h; path = libs/cocos2d/Support/ccUtils.h; sourceTree = "<group>"; };
		60458F1C13BE507300601732 /* CGPointExtension.h */ = {isa = PBXFileReference; lastKnownFileType = sourcecode.c.h; name = CGPointExtension.h; path = libs/cocos2d/Support/CGPointExtension.h; sourceTree = "<group>"; };
		60458F1D13BE507300601732 /* CGPointExtension.m */ = {isa = PBXFileReference; lastKnownFileType = sourcecode.c.objc; name = CGPointExtension.m; path = libs/cocos2d/Support/CGPointExtension.m; sourceTree = "<group>"; };
		60458F1F13BE507300601732 /* OpenGL_Internal.h */ = {isa = PBXFileReference; lastKnownFileType = sourcecode.c.h; name = OpenGL_Internal.h; path = libs/cocos2d/Support/OpenGL_Internal.h; sourceTree = "<group>"; };
		60458F2013BE507300601732 /* TGAlib.h */ = {isa = PBXFileReference; lastKnownFileType = sourcecode.c.h; name = TGAlib.h; path = libs/cocos2d/Support/TGAlib.h; sourceTree = "<group>"; };
		60458F2113BE507300601732 /* TGAlib.m */ = {isa = PBXFileReference; lastKnownFileType = sourcecode.c.objc; name = TGAlib.m; path = libs/cocos2d/Support/TGAlib.m; sourceTree = "<group>"; };
		60458F2313BE507300601732 /* TransformUtils.h */ = {isa = PBXFileReference; lastKnownFileType = sourcecode.c.h; name = TransformUtils.h; path = libs/cocos2d/Support/TransformUtils.h; sourceTree = "<group>"; };
		60458F2413BE507300601732 /* TransformUtils.m */ = {isa = PBXFileReference; lastKnownFileType = sourcecode.c.objc; name = TransformUtils.m; path = libs/cocos2d/Support/TransformUtils.m; sourceTree = "<group>"; };
		60458F2613BE507400601732 /* uthash.h */ = {isa = PBXFileReference; lastKnownFileType = sourcecode.c.h; name = uthash.h; path = libs/cocos2d/Support/uthash.h; sourceTree = "<group>"; };
		60458F2713BE507400601732 /* utlist.h */ = {isa = PBXFileReference; lastKnownFileType = sourcecode.c.h; name = utlist.h; path = libs/cocos2d/Support/utlist.h; sourceTree = "<group>"; };
		60458F2813BE507400601732 /* ZipUtils.h */ = {isa = PBXFileReference; lastKnownFileType = sourcecode.c.h; name = ZipUtils.h; path = libs/cocos2d/Support/ZipUtils.h; sourceTree = "<group>"; };
		60458F2913BE507400601732 /* ZipUtils.m */ = {isa = PBXFileReference; lastKnownFileType = sourcecode.c.objc; name = ZipUtils.m; path = libs/cocos2d/Support/ZipUtils.m; sourceTree = "<group>"; };
		60458F2B13BE507400601732 /* LICENSE_cocos2d.txt */ = {isa = PBXFileReference; lastKnownFileType = text; name = LICENSE_cocos2d.txt; path = libs/LICENSE_cocos2d.txt; sourceTree = "<group>"; };
		60458F2D13BE507400601732 /* CDAudioManager.h */ = {isa = PBXFileReference; lastKnownFileType = sourcecode.c.h; name = CDAudioManager.h; path = libs/CocosDenshion/CDAudioManager.h; sourceTree = "<group>"; };
		60458F2E13BE507400601732 /* CDAudioManager.m */ = {isa = PBXFileReference; lastKnownFileType = sourcecode.c.objc; name = CDAudioManager.m; path = libs/CocosDenshion/CDAudioManager.m; sourceTree = "<group>"; };
		60458F3013BE507400601732 /* CDConfig.h */ = {isa = PBXFileReference; lastKnownFileType = sourcecode.c.h; name = CDConfig.h; path = libs/CocosDenshion/CDConfig.h; sourceTree = "<group>"; };
		60458F3113BE507400601732 /* CDOpenALSupport.h */ = {isa = PBXFileReference; lastKnownFileType = sourcecode.c.h; name = CDOpenALSupport.h; path = libs/CocosDenshion/CDOpenALSupport.h; sourceTree = "<group>"; };
		60458F3213BE507400601732 /* CDOpenALSupport.m */ = {isa = PBXFileReference; lastKnownFileType = sourcecode.c.objc; name = CDOpenALSupport.m; path = libs/CocosDenshion/CDOpenALSupport.m; sourceTree = "<group>"; };
		60458F3413BE507400601732 /* CocosDenshion.h */ = {isa = PBXFileReference; lastKnownFileType = sourcecode.c.h; name = CocosDenshion.h; path = libs/CocosDenshion/CocosDenshion.h; sourceTree = "<group>"; };
		60458F3513BE507400601732 /* CocosDenshion.m */ = {isa = PBXFileReference; lastKnownFileType = sourcecode.c.objc; name = CocosDenshion.m; path = libs/CocosDenshion/CocosDenshion.m; sourceTree = "<group>"; };
		60458F3713BE507400601732 /* SimpleAudioEngine.h */ = {isa = PBXFileReference; lastKnownFileType = sourcecode.c.h; name = SimpleAudioEngine.h; path = libs/CocosDenshion/SimpleAudioEngine.h; sourceTree = "<group>"; };
		60458F3813BE507400601732 /* SimpleAudioEngine.m */ = {isa = PBXFileReference; lastKnownFileType = sourcecode.c.objc; name = SimpleAudioEngine.m; path = libs/CocosDenshion/SimpleAudioEngine.m; sourceTree = "<group>"; };
		60458F3A13BE507400601732 /* LICENSE_CocosDenshion.txt */ = {isa = PBXFileReference; lastKnownFileType = text; name = LICENSE_CocosDenshion.txt; path = libs/LICENSE_CocosDenshion.txt; sourceTree = "<group>"; };
		60458F4513BE507400601732 /* LICENSE_TouchJSON.txt */ = {isa = PBXFileReference; lastKnownFileType = text; name = LICENSE_TouchJSON.txt; path = libs/LICENSE_TouchJSON.txt; sourceTree = "<group>"; };
		60458F4713BE507400601732 /* CDataScanner.h */ = {isa = PBXFileReference; lastKnownFileType = sourcecode.c.h; name = CDataScanner.h; path = libs/TouchJSON/CDataScanner.h; sourceTree = "<group>"; };
		60458F4813BE507400601732 /* CDataScanner.m */ = {isa = PBXFileReference; lastKnownFileType = sourcecode.c.objc; name = CDataScanner.m; path = libs/TouchJSON/CDataScanner.m; sourceTree = "<group>"; };
		60458F4B13BE507400601732 /* CDataScanner_Extensions.h */ = {isa = PBXFileReference; lastKnownFileType = sourcecode.c.h; name = CDataScanner_Extensions.h; path = libs/TouchJSON/Extensions/CDataScanner_Extensions.h; sourceTree = "<group>"; };
		60458F4C13BE507400601732 /* CDataScanner_Extensions.m */ = {isa = PBXFileReference; lastKnownFileType = sourcecode.c.objc; name = CDataScanner_Extensions.m; path = libs/TouchJSON/Extensions/CDataScanner_Extensions.m; sourceTree = "<group>"; };
		60458F4E13BE507400601732 /* NSDictionary_JSONExtensions.h */ = {isa = PBXFileReference; lastKnownFileType = sourcecode.c.h; name = NSDictionary_JSONExtensions.h; path = libs/TouchJSON/Extensions/NSDictionary_JSONExtensions.h; sourceTree = "<group>"; };
		60458F4F13BE507400601732 /* NSDictionary_JSONExtensions.m */ = {isa = PBXFileReference; lastKnownFileType = sourcecode.c.objc; name = NSDictionary_JSONExtensions.m; path = libs/TouchJSON/Extensions/NSDictionary_JSONExtensions.m; sourceTree = "<group>"; };
		60458F5213BE507400601732 /* CJSONDeserializer.h */ = {isa = PBXFileReference; lastKnownFileType = sourcecode.c.h; name = CJSONDeserializer.h; path = libs/TouchJSON/JSON/CJSONDeserializer.h; sourceTree = "<group>"; };
		60458F5313BE507400601732 /* CJSONDeserializer.m */ = {isa = PBXFileReference; lastKnownFileType = sourcecode.c.objc; name = CJSONDeserializer.m; path = libs/TouchJSON/JSON/CJSONDeserializer.m; sourceTree = "<group>"; };
		60458F5513BE507400601732 /* CJSONScanner.h */ = {isa = PBXFileReference; lastKnownFileType = sourcecode.c.h; name = CJSONScanner.h; path = libs/TouchJSON/JSON/CJSONScanner.h; sourceTree = "<group>"; };
		60458F5613BE507400601732 /* CJSONScanner.m */ = {isa = PBXFileReference; lastKnownFileType = sourcecode.c.objc; name = CJSONScanner.m; path = libs/TouchJSON/JSON/CJSONScanner.m; sourceTree = "<group>"; };
		60458F5813BE507400601732 /* CJSONSerializer.h */ = {isa = PBXFileReference; lastKnownFileType = sourcecode.c.h; name = CJSONSerializer.h; path = libs/TouchJSON/JSON/CJSONSerializer.h; sourceTree = "<group>"; };
		60458F5913BE507400601732 /* CJSONSerializer.m */ = {isa = PBXFileReference; lastKnownFileType = sourcecode.c.objc; name = CJSONSerializer.m; path = libs/TouchJSON/JSON/CJSONSerializer.m; sourceTree = "<group>"; };
		60458F5B13BE507400601732 /* JSONRepresentation.h */ = {isa = PBXFileReference; lastKnownFileType = sourcecode.c.h; name = JSONRepresentation.h; path = libs/TouchJSON/JSON/JSONRepresentation.h; sourceTree = "<group>"; };
		60458F6D13BE507400601732 /* LICENSE_FontLabel.txt */ = {isa = PBXFileReference; lastKnownFileType = text; name = LICENSE_FontLabel.txt; path = libs/LICENSE_FontLabel.txt; sourceTree = "<group>"; };
		60458F6F13BE507400601732 /* Prefix.pch */ = {isa = PBXFileReference; lastKnownFileType = sourcecode.c.h; path = Prefix.pch; sourceTree = "<group>"; };
		60458F7013BE507400601732 /* main.m */ = {isa = PBXFileReference; lastKnownFileType = sourcecode.c.objc; path = main.m; sourceTree = "<group>"; };
		60458F7213BE507400601732 /* AppDelegate.h */ = {isa = PBXFileReference; lastKnownFileType = sourcecode.c.h; path = AppDelegate.h; sourceTree = "<group>"; };
		60458F7313BE507400601732 /* AppDelegate.m */ = {isa = PBXFileReference; lastKnownFileType = sourcecode.c.objc; path = AppDelegate.m; sourceTree = "<group>"; };
		60458F7513BE507400601732 /* RootViewController.h */ = {isa = PBXFileReference; lastKnownFileType = sourcecode.c.h; path = RootViewController.h; sourceTree = "<group>"; };
		60458F7613BE507400601732 /* RootViewController.m */ = {isa = PBXFileReference; lastKnownFileType = sourcecode.c.objc; path = RootViewController.m; sourceTree = "<group>"; };
		60458F7813BE507400601732 /* HelloWorldLayer.h */ = {isa = PBXFileReference; lastKnownFileType = sourcecode.c.h; path = HelloWorldLayer.h; sourceTree = "<group>"; };
		60458F7913BE507400601732 /* HelloWorldLayer.m */ = {isa = PBXFileReference; lastKnownFileType = sourcecode.c.objc; path = HelloWorldLayer.m; sourceTree = "<group>"; };
		60458F7B13BE507400601732 /* GameConfig.h */ = {isa = PBXFileReference; lastKnownFileType = sourcecode.c.h; path = GameConfig.h; sourceTree = "<group>"; };
		6077995513C03F3F004C010F /* CCNode+BeforeAfterVisitChildren.h */ = {isa = PBXFileReference; fileEncoding = 4; lastKnownFileType = sourcecode.c.h; path = "CCNode+BeforeAfterVisitChildren.h"; sourceTree = "<group>"; };
		6077995613C03F3F004C010F /* CCNode+BeforeAfterVisitChildren.m */ = {isa = PBXFileReference; fileEncoding = 4; lastKnownFileType = sourcecode.c.objc; path = "CCNode+BeforeAfterVisitChildren.m"; sourceTree = "<group>"; };
		6077995713C03F3F004C010F /* ScrollLayer.h */ = {isa = PBXFileReference; fileEncoding = 4; lastKnownFileType = sourcecode.c.h; path = ScrollLayer.h; sourceTree = "<group>"; };
		6077995813C03F3F004C010F /* ScrollLayer.m */ = {isa = PBXFileReference; fileEncoding = 4; lastKnownFileType = sourcecode.c.objc; path = ScrollLayer.m; sourceTree = "<group>"; };
/* End PBXFileReference section */

/* Begin PBXFrameworksBuildPhase section */
		60458E0913BE507200601732 /* Frameworks */ = {
			isa = PBXFrameworksBuildPhase;
			buildActionMask = 2147483647;
			files = (
				60458E1113BE507200601732 /* QuartzCore.framework in Frameworks */,
				60458E1313BE507200601732 /* OpenGLES.framework in Frameworks */,
				60458E1513BE507200601732 /* OpenAL.framework in Frameworks */,
				60458E1713BE507200601732 /* AudioToolbox.framework in Frameworks */,
				60458E1913BE507200601732 /* AVFoundation.framework in Frameworks */,
				60458E1B13BE507200601732 /* UIKit.framework in Frameworks */,
				60458E1D13BE507200601732 /* Foundation.framework in Frameworks */,
				60458E1F13BE507200601732 /* CoreGraphics.framework in Frameworks */,
			);
			runOnlyForDeploymentPostprocessing = 0;
		};
/* End PBXFrameworksBuildPhase section */

/* Begin PBXGroup section */
		60386E3E155E2D6D00418AE4 /* FontLabel */ = {
			isa = PBXGroup;
			children = (
				60386E3F155E2D6D00418AE4 /* FontLabel.h */,
				60386E40155E2D6D00418AE4 /* FontLabel.m */,
				60386E41155E2D6D00418AE4 /* FontLabelStringDrawing.h */,
				60386E42155E2D6D00418AE4 /* FontLabelStringDrawing.m */,
				60386E43155E2D6D00418AE4 /* FontManager.h */,
				60386E44155E2D6D00418AE4 /* FontManager.m */,
				60386E45155E2D6D00418AE4 /* ZAttributedString.h */,
				60386E46155E2D6D00418AE4 /* ZAttributedString.m */,
				60386E47155E2D6D00418AE4 /* ZAttributedStringPrivate.h */,
				60386E48155E2D6D00418AE4 /* ZFont.h */,
				60386E49155E2D6D00418AE4 /* ZFont.m */,
			);
			name = FontLabel;
			path = libs/FontLabel;
			sourceTree = "<group>";
		};
		60458E0113BE507200601732 = {
			isa = PBXGroup;
			children = (
				6077995413C03F3F004C010F /* src */,
				60458E2013BE507200601732 /* ScrollLayerDemo */,
				60458E0F13BE507200601732 /* Frameworks */,
				60458E0D13BE507200601732 /* Products */,
			);
			sourceTree = "<group>";
		};
		60458E0D13BE507200601732 /* Products */ = {
			isa = PBXGroup;
			children = (
				60458E0C13BE507200601732 /* ScrollLayerDemo.app */,
			);
			name = Products;
			sourceTree = "<group>";
		};
		60458E0F13BE507200601732 /* Frameworks */ = {
			isa = PBXGroup;
			children = (
				60458E1013BE507200601732 /* QuartzCore.framework */,
				60458E1213BE507200601732 /* OpenGLES.framework */,
				60458E1413BE507200601732 /* OpenAL.framework */,
				60458E1613BE507200601732 /* AudioToolbox.framework */,
				60458E1813BE507200601732 /* AVFoundation.framework */,
				60458E1A13BE507200601732 /* UIKit.framework */,
				60458E1C13BE507200601732 /* Foundation.framework */,
				60458E1E13BE507200601732 /* CoreGraphics.framework */,
			);
			name = Frameworks;
			sourceTree = "<group>";
		};
		60458E2013BE507200601732 /* ScrollLayerDemo */ = {
			isa = PBXGroup;
			children = (
				60458F7213BE507400601732 /* AppDelegate.h */,
				60458F7313BE507400601732 /* AppDelegate.m */,
				60458F7513BE507400601732 /* RootViewController.h */,
				60458F7613BE507400601732 /* RootViewController.m */,
				60458F7813BE507400601732 /* HelloWorldLayer.h */,
				60458F7913BE507400601732 /* HelloWorldLayer.m */,
				60458F7B13BE507400601732 /* GameConfig.h */,
				60458E2113BE507200601732 /* Resources */,
				60458E3513BE507200601732 /* libs */,
				60458F6E13BE507400601732 /* Supporting Files */,
			);
			name = ScrollLayerDemo;
			sourceTree = "<group>";
		};
		60458E2113BE507200601732 /* Resources */ = {
			isa = PBXGroup;
			children = (
				60458E2213BE507200601732 /* Default.png */,
				60458E2413BE507200601732 /* fps_images.png */,
				60458E2613BE507200601732 /* Icon-72.png */,
				60458E2813BE507200601732 /* Icon-Small-50.png */,
				60458E2A13BE507200601732 /* Icon-Small.png */,
				60458E2C13BE507200601732 /* Icon-Small@2x.png */,
				60458E2E13BE507200601732 /* Icon.png */,
				60458E3013BE507200601732 /* Icon@2x.png */,
				60458E3213BE507200601732 /* Info.plist */,
				60458E3313BE507200601732 /* iTunesArtwork */,
			);
			name = Resources;
			sourceTree = "<group>";
		};
		60458E3513BE507200601732 /* libs */ = {
			isa = PBXGroup;
			children = (
				60458F2B13BE507400601732 /* LICENSE_cocos2d.txt */,
				60458F3A13BE507400601732 /* LICENSE_CocosDenshion.txt */,
				60458F4513BE507400601732 /* LICENSE_TouchJSON.txt */,
				60458F6D13BE507400601732 /* LICENSE_FontLabel.txt */,
				60458E3613BE507300601732 /* cocos2d */,
				60386E3E155E2D6D00418AE4 /* FontLabel */,
				60458F2C13BE507400601732 /* CocosDenshion */,
				60458F4613BE507400601732 /* TouchJSON */,
			);
			name = libs;
			sourceTree = "<group>";
		};
		60458E3613BE507300601732 /* cocos2d */ = {
			isa = PBXGroup;
			children = (
				60458E3713BE507300601732 /* CCAction.h */,
				60458E3813BE507300601732 /* CCAction.m */,
				60458E3A13BE507300601732 /* CCActionCamera.h */,
				60458E3B13BE507300601732 /* CCActionCamera.m */,
				60458E3D13BE507300601732 /* CCActionEase.h */,
				60458E3E13BE507300601732 /* CCActionEase.m */,
				60458E4013BE507300601732 /* CCActionGrid.h */,
				60458E4113BE507300601732 /* CCActionGrid.m */,
				60458E4313BE507300601732 /* CCActionGrid3D.h */,
				60458E4413BE507300601732 /* CCActionGrid3D.m */,
				60458E4613BE507300601732 /* CCActionInstant.h */,
				60458E4713BE507300601732 /* CCActionInstant.m */,
				60458E4913BE507300601732 /* CCActionInterval.h */,
				60458E4A13BE507300601732 /* CCActionInterval.m */,
				60458E4C13BE507300601732 /* CCActionManager.h */,
				60458E4D13BE507300601732 /* CCActionManager.m */,
				60458E4F13BE507300601732 /* CCActionPageTurn3D.h */,
				60458E5013BE507300601732 /* CCActionPageTurn3D.m */,
				60458E5213BE507300601732 /* CCActionProgressTimer.h */,
				60458E5313BE507300601732 /* CCActionProgressTimer.m */,
				60458E5513BE507300601732 /* CCActionTiledGrid.h */,
				60458E5613BE507300601732 /* CCActionTiledGrid.m */,
				60458E5813BE507300601732 /* CCActionTween.h */,
				60458E5913BE507300601732 /* CCActionTween.m */,
				60458E5B13BE507300601732 /* CCAnimation.h */,
				60458E5C13BE507300601732 /* CCAnimation.m */,
				60458E5E13BE507300601732 /* CCAnimationCache.h */,
				60458E5F13BE507300601732 /* CCAnimationCache.m */,
				60458E6113BE507300601732 /* CCAtlasNode.h */,
				60458E6213BE507300601732 /* CCAtlasNode.m */,
				60458E6413BE507300601732 /* CCBlockSupport.h */,
				60458E6513BE507300601732 /* CCBlockSupport.m */,
				60458E6713BE507300601732 /* CCCamera.h */,
				60458E6813BE507300601732 /* CCCamera.m */,
				60458E6A13BE507300601732 /* ccConfig.h */,
				60458E6B13BE507300601732 /* CCConfiguration.h */,
				60458E6C13BE507300601732 /* CCConfiguration.m */,
				60458E6E13BE507300601732 /* CCDirector.h */,
				60458E6F13BE507300601732 /* CCDirector.m */,
				60458E7113BE507300601732 /* CCDrawingPrimitives.h */,
				60458E7213BE507300601732 /* CCDrawingPrimitives.m */,
				60458E7413BE507300601732 /* CCGrabber.h */,
				60458E7513BE507300601732 /* CCGrabber.m */,
				60458E7713BE507300601732 /* CCGrid.h */,
				60458E7813BE507300601732 /* CCGrid.m */,
				60458E7A13BE507300601732 /* CCLabelAtlas.h */,
				60458E7B13BE507300601732 /* CCLabelAtlas.m */,
				60458E7D13BE507300601732 /* CCLabelBMFont.h */,
				60458E7E13BE507300601732 /* CCLabelBMFont.m */,
				60458E8013BE507300601732 /* CCLabelTTF.h */,
				60458E8113BE507300601732 /* CCLabelTTF.m */,
				60458E8313BE507300601732 /* CCLayer.h */,
				60458E8413BE507300601732 /* CCLayer.m */,
				60458E8613BE507300601732 /* ccMacros.h */,
				60458E8713BE507300601732 /* CCMenu.h */,
				60458E8813BE507300601732 /* CCMenu.m */,
				60458E8A13BE507300601732 /* CCMenuItem.h */,
				60458E8B13BE507300601732 /* CCMenuItem.m */,
				60458E8D13BE507300601732 /* CCMotionStreak.h */,
				60458E8E13BE507300601732 /* CCMotionStreak.m */,
				60458E9013BE507300601732 /* CCNode.h */,
				60458E9113BE507300601732 /* CCNode.m */,
				60458E9313BE507300601732 /* CCParallaxNode.h */,
				60458E9413BE507300601732 /* CCParallaxNode.m */,
				60458E9613BE507300601732 /* CCParticleExamples.h */,
				60458E9713BE507300601732 /* CCParticleExamples.m */,
				60458E9913BE507300601732 /* CCParticleSystem.h */,
				60458E9A13BE507300601732 /* CCParticleSystem.m */,
				60458E9C13BE507300601732 /* CCParticleSystemPoint.h */,
				60458E9D13BE507300601732 /* CCParticleSystemPoint.m */,
				60458E9F13BE507300601732 /* CCParticleSystemQuad.h */,
				60458EA013BE507300601732 /* CCParticleSystemQuad.m */,
				60458EA213BE507300601732 /* CCProgressTimer.h */,
				60458EA313BE507300601732 /* CCProgressTimer.m */,
				60458EA513BE507300601732 /* CCProtocols.h */,
				60458EA613BE507300601732 /* CCRenderTexture.h */,
				60458EA713BE507300601732 /* CCRenderTexture.m */,
				60458EA913BE507300601732 /* CCRibbon.h */,
				60458EAA13BE507300601732 /* CCRibbon.m */,
				60458EAC13BE507300601732 /* CCScene.h */,
				60458EAD13BE507300601732 /* CCScene.m */,
				60458EAF13BE507300601732 /* CCScheduler.h */,
				60458EB013BE507300601732 /* CCScheduler.m */,
				60458EB213BE507300601732 /* CCSprite.h */,
				60458EB313BE507300601732 /* CCSprite.m */,
				60458EB513BE507300601732 /* CCSpriteBatchNode.h */,
				60458EB613BE507300601732 /* CCSpriteBatchNode.m */,
				60458EB813BE507300601732 /* CCSpriteFrame.h */,
				60458EB913BE507300601732 /* CCSpriteFrame.m */,
				60458EBB13BE507300601732 /* CCSpriteFrameCache.h */,
				60458EBC13BE507300601732 /* CCSpriteFrameCache.m */,
				60458EBE13BE507300601732 /* CCTexture2D.h */,
				60458EBF13BE507300601732 /* CCTexture2D.m */,
				60458EC113BE507300601732 /* CCTextureAtlas.h */,
				60458EC213BE507300601732 /* CCTextureAtlas.m */,
				60458EC413BE507300601732 /* CCTextureCache.h */,
				60458EC513BE507300601732 /* CCTextureCache.m */,
				60458EC713BE507300601732 /* CCTexturePVR.h */,
				60458EC813BE507300601732 /* CCTexturePVR.m */,
				60458ECA13BE507300601732 /* CCTileMapAtlas.h */,
				60458ECB13BE507300601732 /* CCTileMapAtlas.m */,
				60458ECD13BE507300601732 /* CCTMXLayer.h */,
				60458ECE13BE507300601732 /* CCTMXLayer.m */,
				60458ED013BE507300601732 /* CCTMXObjectGroup.h */,
				60458ED113BE507300601732 /* CCTMXObjectGroup.m */,
				60458ED313BE507300601732 /* CCTMXTiledMap.h */,
				60458ED413BE507300601732 /* CCTMXTiledMap.m */,
				60458ED613BE507300601732 /* CCTMXXMLParser.h */,
				60458ED713BE507300601732 /* CCTMXXMLParser.m */,
				60458ED913BE507300601732 /* CCTransition.h */,
				60458EDA13BE507300601732 /* CCTransition.m */,
				60458EDC13BE507300601732 /* CCTransitionPageTurn.h */,
				60458EDD13BE507300601732 /* CCTransitionPageTurn.m */,
				60458EDF13BE507300601732 /* CCTransitionRadial.h */,
				60458EE013BE507300601732 /* CCTransitionRadial.m */,
				60458EE213BE507300601732 /* ccTypes.h */,
				60458EE313BE507300601732 /* cocos2d.h */,
				60458EE413BE507300601732 /* cocos2d.m */,
				60458EE613BE507300601732 /* Platforms */,
				60458F0B13BE507300601732 /* Support */,
			);
			name = cocos2d;
			sourceTree = "<group>";
		};
		60458EE613BE507300601732 /* Platforms */ = {
			isa = PBXGroup;
			children = (
				60458EE713BE507300601732 /* CCGL.h */,
				60458EE813BE507300601732 /* CCNS.h */,
				60458EE913BE507300601732 /* iOS */,
				60458EFE13BE507300601732 /* Mac */,
			);
			name = Platforms;
			sourceTree = "<group>";
		};
		60458EE913BE507300601732 /* iOS */ = {
			isa = PBXGroup;
			children = (
				60458EEA13BE507300601732 /* CCDirectorIOS.h */,
				60458EEB13BE507300601732 /* CCDirectorIOS.m */,
				60458EED13BE507300601732 /* CCTouchDelegateProtocol.h */,
				60458EEE13BE507300601732 /* CCTouchDispatcher.h */,
				60458EEF13BE507300601732 /* CCTouchDispatcher.m */,
				60458EF113BE507300601732 /* CCTouchHandler.h */,
				60458EF213BE507300601732 /* CCTouchHandler.m */,
				60458EF413BE507300601732 /* EAGLView.h */,
				60458EF513BE507300601732 /* EAGLView.m */,
				60458EF713BE507300601732 /* ES1Renderer.h */,
				60458EF813BE507300601732 /* ES1Renderer.m */,
				60458EFA13BE507300601732 /* ESRenderer.h */,
				60458EFB13BE507300601732 /* glu.c */,
				60458EFD13BE507300601732 /* glu.h */,
			);
			name = iOS;
			sourceTree = "<group>";
		};
		60458EFE13BE507300601732 /* Mac */ = {
			isa = PBXGroup;
			children = (
				60458EFF13BE507300601732 /* CCDirectorMac.h */,
				60458F0013BE507300601732 /* CCDirectorMac.m */,
				60458F0213BE507300601732 /* CCEventDispatcher.h */,
				60458F0313BE507300601732 /* CCEventDispatcher.m */,
				60458F0513BE507300601732 /* MacGLView.h */,
				60458F0613BE507300601732 /* MacGLView.m */,
				60458F0813BE507300601732 /* MacWindow.h */,
				60458F0913BE507300601732 /* MacWindow.m */,
			);
			name = Mac;
			sourceTree = "<group>";
		};
		60458F0B13BE507300601732 /* Support */ = {
			isa = PBXGroup;
			children = (
				60458F0C13BE507300601732 /* base64.c */,
				60458F0E13BE507300601732 /* base64.h */,
				60458F0F13BE507300601732 /* CCArray.h */,
				60458F1013BE507300601732 /* CCArray.m */,
				60458F1213BE507300601732 /* ccCArray.h */,
				60458F1313BE507300601732 /* CCFileUtils.h */,
				60458F1413BE507300601732 /* CCFileUtils.m */,
				60458F1613BE507300601732 /* CCProfiling.h */,
				60458F1713BE507300601732 /* CCProfiling.m */,
				60458F1913BE507300601732 /* ccUtils.c */,
				60458F1B13BE507300601732 /* ccUtils.h */,
				60458F1C13BE507300601732 /* CGPointExtension.h */,
				60458F1D13BE507300601732 /* CGPointExtension.m */,
				60458F1F13BE507300601732 /* OpenGL_Internal.h */,
				60458F2013BE507300601732 /* TGAlib.h */,
				60458F2113BE507300601732 /* TGAlib.m */,
				60458F2313BE507300601732 /* TransformUtils.h */,
				60458F2413BE507300601732 /* TransformUtils.m */,
				60458F2613BE507400601732 /* uthash.h */,
				60458F2713BE507400601732 /* utlist.h */,
				60458F2813BE507400601732 /* ZipUtils.h */,
				60458F2913BE507400601732 /* ZipUtils.m */,
			);
			name = Support;
			sourceTree = "<group>";
		};
		60458F2C13BE507400601732 /* CocosDenshion */ = {
			isa = PBXGroup;
			children = (
				60458F2D13BE507400601732 /* CDAudioManager.h */,
				60458F2E13BE507400601732 /* CDAudioManager.m */,
				60458F3013BE507400601732 /* CDConfig.h */,
				60458F3113BE507400601732 /* CDOpenALSupport.h */,
				60458F3213BE507400601732 /* CDOpenALSupport.m */,
				60458F3413BE507400601732 /* CocosDenshion.h */,
				60458F3513BE507400601732 /* CocosDenshion.m */,
				60458F3713BE507400601732 /* SimpleAudioEngine.h */,
				60458F3813BE507400601732 /* SimpleAudioEngine.m */,
			);
			name = CocosDenshion;
			sourceTree = "<group>";
		};
		60458F4613BE507400601732 /* TouchJSON */ = {
			isa = PBXGroup;
			children = (
				60458F4713BE507400601732 /* CDataScanner.h */,
				60458F4813BE507400601732 /* CDataScanner.m */,
				60458F4A13BE507400601732 /* Extensions */,
				60458F5113BE507400601732 /* JSON */,
			);
			name = TouchJSON;
			sourceTree = "<group>";
		};
		60458F4A13BE507400601732 /* Extensions */ = {
			isa = PBXGroup;
			children = (
				60458F4B13BE507400601732 /* CDataScanner_Extensions.h */,
				60458F4C13BE507400601732 /* CDataScanner_Extensions.m */,
				60458F4E13BE507400601732 /* NSDictionary_JSONExtensions.h */,
				60458F4F13BE507400601732 /* NSDictionary_JSONExtensions.m */,
			);
			name = Extensions;
			sourceTree = "<group>";
		};
		60458F5113BE507400601732 /* JSON */ = {
			isa = PBXGroup;
			children = (
				60458F5213BE507400601732 /* CJSONDeserializer.h */,
				60458F5313BE507400601732 /* CJSONDeserializer.m */,
				60458F5513BE507400601732 /* CJSONScanner.h */,
				60458F5613BE507400601732 /* CJSONScanner.m */,
				60458F5813BE507400601732 /* CJSONSerializer.h */,
				60458F5913BE507400601732 /* CJSONSerializer.m */,
				60458F5B13BE507400601732 /* JSONRepresentation.h */,
			);
			name = JSON;
			sourceTree = "<group>";
		};
		60458F6E13BE507400601732 /* Supporting Files */ = {
			isa = PBXGroup;
			children = (
				60458F6F13BE507400601732 /* Prefix.pch */,
				60458F7013BE507400601732 /* main.m */,
			);
			name = "Supporting Files";
			sourceTree = "<group>";
		};
		6077995413C03F3F004C010F /* src */ = {
			isa = PBXGroup;
			children = (
				6077995513C03F3F004C010F /* CCNode+BeforeAfterVisitChildren.h */,
				6077995613C03F3F004C010F /* CCNode+BeforeAfterVisitChildren.m */,
				6077995713C03F3F004C010F /* ScrollLayer.h */,
				6077995813C03F3F004C010F /* ScrollLayer.m */,
			);
			name = src;
			path = ../src;
			sourceTree = "<group>";
		};
/* End PBXGroup section */

/* Begin PBXNativeTarget section */
		60458E0B13BE507200601732 /* ScrollLayerDemo */ = {
			isa = PBXNativeTarget;
			buildConfigurationList = 60458F7E13BE507400601732 /* Build configuration list for PBXNativeTarget "ScrollLayerDemo" */;
			buildPhases = (
				60458E0813BE507200601732 /* Sources */,
				60458E0913BE507200601732 /* Frameworks */,
				60458E0A13BE507200601732 /* Resources */,
			);
			buildRules = (
			);
			dependencies = (
			);
			name = ScrollLayerDemo;
			productName = ScrollLayerDemo;
			productReference = 60458E0C13BE507200601732 /* ScrollLayerDemo.app */;
			productType = "com.apple.product-type.application";
		};
/* End PBXNativeTarget section */

/* Begin PBXProject section */
		60458E0313BE507200601732 /* Project object */ = {
			isa = PBXProject;
			buildConfigurationList = 60458E0613BE507200601732 /* Build configuration list for PBXProject "ScrollLayerDemo" */;
			compatibilityVersion = "Xcode 3.2";
			developmentRegion = English;
			hasScannedForEncodings = 0;
			knownRegions = (
				en,
			);
			mainGroup = 60458E0113BE507200601732;
			productRefGroup = 60458E0D13BE507200601732 /* Products */;
			projectDirPath = "";
			projectRoot = "";
			targets = (
				60458E0B13BE507200601732 /* ScrollLayerDemo */,
			);
		};
/* End PBXProject section */

/* Begin PBXResourcesBuildPhase section */
		60458E0A13BE507200601732 /* Resources */ = {
			isa = PBXResourcesBuildPhase;
			buildActionMask = 2147483647;
			files = (
				60458E2313BE507200601732 /* Default.png in Resources */,
				60458E2513BE507200601732 /* fps_images.png in Resources */,
				60458E2713BE507200601732 /* Icon-72.png in Resources */,
				60458E2913BE507200601732 /* Icon-Small-50.png in Resources */,
				60458E2B13BE507200601732 /* Icon-Small.png in Resources */,
				60458E2D13BE507200601732 /* Icon-Small@2x.png in Resources */,
				60458E2F13BE507200601732 /* Icon.png in Resources */,
				60458E3113BE507200601732 /* Icon@2x.png in Resources */,
				60458E3413BE507200601732 /* iTunesArtwork in Resources */,
			);
			runOnlyForDeploymentPostprocessing = 0;
		};
/* End PBXResourcesBuildPhase section */

/* Begin PBXSourcesBuildPhase section */
		60458E0813BE507200601732 /* Sources */ = {
			isa = PBXSourcesBuildPhase;
			buildActionMask = 2147483647;
			files = (
				60458E3913BE507300601732 /* CCAction.m in Sources */,
				60458E3C13BE507300601732 /* CCActionCamera.m in Sources */,
				60458E3F13BE507300601732 /* CCActionEase.m in Sources */,
				60458E4213BE507300601732 /* CCActionGrid.m in Sources */,
				60458E4513BE507300601732 /* CCActionGrid3D.m in Sources */,
				60458E4813BE507300601732 /* CCActionInstant.m in Sources */,
				60458E4B13BE507300601732 /* CCActionInterval.m in Sources */,
				60458E4E13BE507300601732 /* CCActionManager.m in Sources */,
				60458E5113BE507300601732 /* CCActionPageTurn3D.m in Sources */,
				60458E5413BE507300601732 /* CCActionProgressTimer.m in Sources */,
				60458E5713BE507300601732 /* CCActionTiledGrid.m in Sources */,
				60458E5A13BE507300601732 /* CCActionTween.m in Sources */,
				60458E5D13BE507300601732 /* CCAnimation.m in Sources */,
				60458E6013BE507300601732 /* CCAnimationCache.m in Sources */,
				60458E6313BE507300601732 /* CCAtlasNode.m in Sources */,
				60458E6613BE507300601732 /* CCBlockSupport.m in Sources */,
				60458E6913BE507300601732 /* CCCamera.m in Sources */,
				60458E6D13BE507300601732 /* CCConfiguration.m in Sources */,
				60458E7013BE507300601732 /* CCDirector.m in Sources */,
				60458E7313BE507300601732 /* CCDrawingPrimitives.m in Sources */,
				60458E7613BE507300601732 /* CCGrabber.m in Sources */,
				60458E7913BE507300601732 /* CCGrid.m in Sources */,
				60458E7C13BE507300601732 /* CCLabelAtlas.m in Sources */,
				60458E7F13BE507300601732 /* CCLabelBMFont.m in Sources */,
				60458E8213BE507300601732 /* CCLabelTTF.m in Sources */,
				60458E8513BE507300601732 /* CCLayer.m in Sources */,
				60458E8913BE507300601732 /* CCMenu.m in Sources */,
				60458E8C13BE507300601732 /* CCMenuItem.m in Sources */,
				60458E8F13BE507300601732 /* CCMotionStreak.m in Sources */,
				60458E9213BE507300601732 /* CCNode.m in Sources */,
				60458E9513BE507300601732 /* CCParallaxNode.m in Sources */,
				60458E9813BE507300601732 /* CCParticleExamples.m in Sources */,
				60458E9B13BE507300601732 /* CCParticleSystem.m in Sources */,
				60458E9E13BE507300601732 /* CCParticleSystemPoint.m in Sources */,
				60458EA113BE507300601732 /* CCParticleSystemQuad.m in Sources */,
				60458EA413BE507300601732 /* CCProgressTimer.m in Sources */,
				60458EA813BE507300601732 /* CCRenderTexture.m in Sources */,
				60458EAB13BE507300601732 /* CCRibbon.m in Sources */,
				60458EAE13BE507300601732 /* CCScene.m in Sources */,
				60458EB113BE507300601732 /* CCScheduler.m in Sources */,
				60458EB413BE507300601732 /* CCSprite.m in Sources */,
				60458EB713BE507300601732 /* CCSpriteBatchNode.m in Sources */,
				60458EBA13BE507300601732 /* CCSpriteFrame.m in Sources */,
				60458EBD13BE507300601732 /* CCSpriteFrameCache.m in Sources */,
				60458EC013BE507300601732 /* CCTexture2D.m in Sources */,
				60458EC313BE507300601732 /* CCTextureAtlas.m in Sources */,
				60458EC613BE507300601732 /* CCTextureCache.m in Sources */,
				60458EC913BE507300601732 /* CCTexturePVR.m in Sources */,
				60458ECC13BE507300601732 /* CCTileMapAtlas.m in Sources */,
				60458ECF13BE507300601732 /* CCTMXLayer.m in Sources */,
				60458ED213BE507300601732 /* CCTMXObjectGroup.m in Sources */,
				60458ED513BE507300601732 /* CCTMXTiledMap.m in Sources */,
				60458ED813BE507300601732 /* CCTMXXMLParser.m in Sources */,
				60458EDB13BE507300601732 /* CCTransition.m in Sources */,
				60458EDE13BE507300601732 /* CCTransitionPageTurn.m in Sources */,
				60458EE113BE507300601732 /* CCTransitionRadial.m in Sources */,
				60458EE513BE507300601732 /* cocos2d.m in Sources */,
				60458EEC13BE507300601732 /* CCDirectorIOS.m in Sources */,
				60458EF013BE507300601732 /* CCTouchDispatcher.m in Sources */,
				60458EF313BE507300601732 /* CCTouchHandler.m in Sources */,
				60458EF613BE507300601732 /* EAGLView.m in Sources */,
				60458EF913BE507300601732 /* ES1Renderer.m in Sources */,
				60458EFC13BE507300601732 /* glu.c in Sources */,
				60458F0113BE507300601732 /* CCDirectorMac.m in Sources */,
				60458F0413BE507300601732 /* CCEventDispatcher.m in Sources */,
				60458F0713BE507300601732 /* MacGLView.m in Sources */,
				60458F0A13BE507300601732 /* MacWindow.m in Sources */,
				60458F0D13BE507300601732 /* base64.c in Sources */,
				60458F1113BE507300601732 /* CCArray.m in Sources */,
				60458F1513BE507300601732 /* CCFileUtils.m in Sources */,
				60458F1813BE507300601732 /* CCProfiling.m in Sources */,
				60458F1A13BE507300601732 /* ccUtils.c in Sources */,
				60458F1E13BE507300601732 /* CGPointExtension.m in Sources */,
				60458F2213BE507300601732 /* TGAlib.m in Sources */,
				60458F2513BE507300601732 /* TransformUtils.m in Sources */,
				60458F2A13BE507400601732 /* ZipUtils.m in Sources */,
				60458F2F13BE507400601732 /* CDAudioManager.m in Sources */,
				60458F3313BE507400601732 /* CDOpenALSupport.m in Sources */,
				60458F3613BE507400601732 /* CocosDenshion.m in Sources */,
				60458F3913BE507400601732 /* SimpleAudioEngine.m in Sources */,
				60458F4913BE507400601732 /* CDataScanner.m in Sources */,
				60458F4D13BE507400601732 /* CDataScanner_Extensions.m in Sources */,
				60458F5013BE507400601732 /* NSDictionary_JSONExtensions.m in Sources */,
				60458F5413BE507400601732 /* CJSONDeserializer.m in Sources */,
				60458F5713BE507400601732 /* CJSONScanner.m in Sources */,
				60458F5A13BE507400601732 /* CJSONSerializer.m in Sources */,
				60458F7113BE507400601732 /* main.m in Sources */,
				60458F7413BE507400601732 /* AppDelegate.m in Sources */,
				60458F7713BE507400601732 /* RootViewController.m in Sources */,
				60458F7A13BE507400601732 /* HelloWorldLayer.m in Sources */,
				6077995913C03F3F004C010F /* CCNode+BeforeAfterVisitChildren.m in Sources */,
				6077995A13C03F3F004C010F /* ScrollLayer.m in Sources */,
				60386E4A155E2D6D00418AE4 /* FontLabel.m in Sources */,
				60386E4B155E2D6D00418AE4 /* FontLabelStringDrawing.m in Sources */,
				60386E4C155E2D6D00418AE4 /* FontManager.m in Sources */,
				60386E4D155E2D6D00418AE4 /* ZAttributedString.m in Sources */,
				60386E4E155E2D6D00418AE4 /* ZFont.m in Sources */,
			);
			runOnlyForDeploymentPostprocessing = 0;
		};
/* End PBXSourcesBuildPhase section */

/* Begin XCBuildConfiguration section */
		60458F7C13BE507400601732 /* Debug */ = {
			isa = XCBuildConfiguration;
			buildSettings = {
				ARCHS = "$(ARCHS_STANDARD_32_BIT)";
				"CODE_SIGN_IDENTITY[sdk=iphoneos*]" = "iPhone Developer";
				GCC_C_LANGUAGE_STANDARD = gnu99;
				GCC_OPTIMIZATION_LEVEL = 0;
				GCC_PREPROCESSOR_DEFINITIONS = (
					DEBUG,
					"COCOS2D_DEBUG=1",
				);
				GCC_SYMBOLS_PRIVATE_EXTERN = NO;
				GCC_VERSION = com.apple.compilers.llvmgcc42;
				GCC_WARN_ABOUT_RETURN_TYPE = YES;
				GCC_WARN_UNUSED_VARIABLE = YES;
				IPHONEOS_DEPLOYMENT_TARGET = 4.3;
				SDKROOT = iphoneos;
			};
			name = Debug;
		};
		60458F7D13BE507400601732 /* Release */ = {
			isa = XCBuildConfiguration;
			buildSettings = {
				ARCHS = "$(ARCHS_STANDARD_32_BIT)";
				"CODE_SIGN_IDENTITY[sdk=iphoneos*]" = "iPhone Developer";
				GCC_C_LANGUAGE_STANDARD = gnu99;
				GCC_PREPROCESSOR_DEFINITIONS = NDEBUG;
				GCC_VERSION = com.apple.compilers.llvmgcc42;
				GCC_WARN_ABOUT_RETURN_TYPE = YES;
				GCC_WARN_UNUSED_VARIABLE = YES;
				IPHONEOS_DEPLOYMENT_TARGET = 4.3;
				OTHER_CFLAGS = "-DNS_BLOCK_ASSERTIONS=1";
				SDKROOT = iphoneos;
			};
			name = Release;
		};
		60458F7F13BE507400601732 /* Debug */ = {
			isa = XCBuildConfiguration;
			buildSettings = {
				ALWAYS_SEARCH_USER_PATHS = NO;
				COPY_PHASE_STRIP = NO;
				GCC_DYNAMIC_NO_PIC = NO;
				GCC_PRECOMPILE_PREFIX_HEADER = YES;
				GCC_PREFIX_HEADER = Prefix.pch;
				"GCC_THUMB_SUPPORT[arch=armv6]" = "";
				INFOPLIST_FILE = Resources/Info.plist;
				OTHER_LDFLAGS = "-lz";
				PRODUCT_NAME = "$(TARGET_NAME)";
				WRAPPER_EXTENSION = app;
			};
			name = Debug;
		};
		60458F8013BE507400601732 /* Release */ = {
			isa = XCBuildConfiguration;
			buildSettings = {
				ALWAYS_SEARCH_USER_PATHS = NO;
				COPY_PHASE_STRIP = YES;
				GCC_PRECOMPILE_PREFIX_HEADER = YES;
				GCC_PREFIX_HEADER = Prefix.pch;
				"GCC_THUMB_SUPPORT[arch=armv6]" = "";
				INFOPLIST_FILE = Resources/Info.plist;
				OTHER_LDFLAGS = "-lz";
				PRODUCT_NAME = "$(TARGET_NAME)";
				VALIDATE_PRODUCT = YES;
				WRAPPER_EXTENSION = app;
			};
			name = Release;
		};
/* End XCBuildConfiguration section */

/* Begin XCConfigurationList section */
		60458E0613BE507200601732 /* Build configuration list for PBXProject "ScrollLayerDemo" */ = {
			isa = XCConfigurationList;
			buildConfigurations = (
				60458F7C13BE507400601732 /* Debug */,
				60458F7D13BE507400601732 /* Release */,
			);
			defaultConfigurationIsVisible = 0;
			defaultConfigurationName = Release;
		};
		60458F7E13BE507400601732 /* Build configuration list for PBXNativeTarget "ScrollLayerDemo" */ = {
			isa = XCConfigurationList;
			buildConfigurations = (
				60458F7F13BE507400601732 /* Debug */,
				60458F8013BE507400601732 /* Release */,
			);
			defaultConfigurationIsVisible = 0;
			defaultConfigurationName = Release;
		};
/* End XCConfigurationList section */
	};
	rootObject = 60458E0313BE507200601732 /* Project object */;
}
